
Microsoft Visual Studio Solution File, Format Version 12.00
# Visual Studio Version 17
Project("{8BC9CEB8-8B4A-11D0-8D11-00A0C91BC942}") = "FOX", "FOX\FOX.vcxproj", "{32E7870B-9EF0-877C-276C-9E7C9374937C}"
EndProject
Project("{8BC9CEB8-8B4A-11D0-8D11-00A0C91BC942}") = "ASSIMP", "Fox\vendor\assimp\ASSIMP.vcxproj", "{B20B8BA5-9EAD-B57B-8768-C9CF73A93CCC}"
EndProject
Project("{8BC9CEB8-8B4A-11D0-8D11-00A0C91BC942}") = "ENTT", "Fox\vendor\entt\ENTT.vcxproj", "{A03C847C-8C73-850D-3560-6B102176010F}"
EndProject
Project("{8BC9CEB8-8B4A-11D0-8D11-00A0C91BC942}") = "GLAD", "Fox\vendor\glad\GLAD.vcxproj", "{5D4A857C-4981-860D-F26D-6C10DE83020F}"
EndProject
Project("{8BC9CEB8-8B4A-11D0-8D11-00A0C91BC942}") = "GLFW", "Fox\vendor\glfw\GLFW.vcxproj", "{154B857C-0182-860D-AA6E-6C109684020F}"
EndProject
Project("{8BC9CEB8-8B4A-11D0-8D11-00A0C91BC942}") = "STB_IMAGE", "Fox\vendor\stb\STB_IMAGE.vcxproj", "{301981F7-9C83-356E-E5C1-E613516B13C3}"
EndProject
Project("{8BC9CEB8-8B4A-11D0-8D11-00A0C91BC942}") = "TINYGLTF", "Fox\vendor\tinygltf\TINYGLTF.vcxproj", "{169A0DB1-0267-68BC-2B80-566417AC9D4A}"
EndProject
Global
	GlobalSection(SolutionConfigurationPlatforms) = preSolution
		Debug|x64 = Debug|x64
		Release|x64 = Release|x64
	EndGlobalSection
	GlobalSection(ProjectConfigurationPlatforms) = postSolution
		{32E7870B-9EF0-877C-276C-9E7C9374937C}.Debug|x64.ActiveCfg = Debug|x64
		{32E7870B-9EF0-877C-276C-9E7C9374937C}.Debug|x64.Build.0 = Debug|x64
		{32E7870B-9EF0-877C-276C-9E7C9374937C}.Release|x64.ActiveCfg = Release|x64
		{32E7870B-9EF0-877C-276C-9E7C9374937C}.Release|x64.Build.0 = Release|x64
		{B20B8BA5-9EAD-B57B-8768-C9CF73A93CCC}.Debug|x64.ActiveCfg = Debug|x64
		{B20B8BA5-9EAD-B57B-8768-C9CF73A93CCC}.Debug|x64.Build.0 = Debug|x64
		{B20B8BA5-9EAD-B57B-8768-C9CF73A93CCC}.Release|x64.ActiveCfg = Release|x64
		{B20B8BA5-9EAD-B57B-8768-C9CF73A93CCC}.Release|x64.Build.0 = Release|x64
		{A03C847C-8C73-850D-3560-6B102176010F}.Debug|x64.ActiveCfg = Debug|x64
		{A03C847C-8C73-850D-3560-6B102176010F}.Debug|x64.Build.0 = Debug|x64
		{A03C847C-8C73-850D-3560-6B102176010F}.Release|x64.ActiveCfg = Release|x64
		{A03C847C-8C73-850D-3560-6B102176010F}.Release|x64.Build.0 = Release|x64
		{5D4A857C-4981-860D-F26D-6C10DE83020F}.Debug|x64.ActiveCfg = Debug|x64
		{5D4A857C-4981-860D-F26D-6C10DE83020F}.Debug|x64.Build.0 = Debug|x64
		{5D4A857C-4981-860D-F26D-6C10DE83020F}.Release|x64.ActiveCfg = Release|x64
		{5D4A857C-4981-860D-F26D-6C10DE83020F}.Release|x64.Build.0 = Release|x64
		{154B857C-0182-860D-AA6E-6C109684020F}.Debug|x64.ActiveCfg = Debug|x64
		{154B857C-0182-860D-AA6E-6C109684020F}.Debug|x64.Build.0 = Debug|x64
		{154B857C-0182-860D-AA6E-6C109684020F}.Release|x64.ActiveCfg = Release|x64
		{154B857C-0182-860D-AA6E-6C109684020F}.Release|x64.Build.0 = Release|x64
		{301981F7-9C83-356E-E5C1-E613516B13C3}.Debug|x64.ActiveCfg = Debug|x64
		{301981F7-9C83-356E-E5C1-E613516B13C3}.Debug|x64.Build.0 = Debug|x64
		{301981F7-9C83-356E-E5C1-E613516B13C3}.Release|x64.ActiveCfg = Release|x64
		{301981F7-9C83-356E-E5C1-E613516B13C3}.Release|x64.Build.0 = Release|x64
		{169A0DB1-0267-68BC-2B80-566417AC9D4A}.Debug|x64.ActiveCfg = Debug|x64
		{169A0DB1-0267-68BC-2B80-566417AC9D4A}.Debug|x64.Build.0 = Debug|x64
		{169A0DB1-0267-68BC-2B80-566417AC9D4A}.Release|x64.ActiveCfg = Release|x64
		{169A0DB1-0267-68BC-2B80-566417AC9D4A}.Release|x64.Build.0 = Release|x64
	EndGlobalSection
	GlobalSection(SolutionProperties) = preSolution
		HideSolutionNode = FALSE
	EndGlobalSection
EndGlobal
