<?xml version="1.0" encoding="utf-8"?>
<Project ToolsVersion="4.0" xmlns="http://schemas.microsoft.com/developer/msbuild/2003">
  <ItemGroup>
    <Filter Include="Fox">
      <UniqueIdentifier>{72EB870B-DEF4-877C-6770-9E7CD378937C}</UniqueIdentifier>
    </Filter>
    <Filter Include="Fox\Core">
      <UniqueIdentifier>{0A079891-F6D3-F29C-1FED-E0440B19282B}</UniqueIdentifier>
    </Filter>
    <Filter Include="Fox\Core\Library">
      <UniqueIdentifier>{0ECA06D4-FAC2-2526-23F5-0AAB0F4D0532}</UniqueIdentifier>
    </Filter>
    <Filter Include="Fox\Core\Library\Camera">
      <UniqueIdentifier>{C6C22CF4-32FA-748B-3B04-D9AEA7BA9B84}</UniqueIdentifier>
    </Filter>
    <Filter Include="Fox\Core\Library\Component">
      <UniqueIdentifier>{F00B8F04-DC1B-3BD5-45D5-9FF331042A6E}</UniqueIdentifier>
    </Filter>
    <Filter Include="Fox\Core\Library\Container">
      <UniqueIdentifier>{60FBDD59-4C0B-8A2A-B5C4-EE48A1F378C3}</UniqueIdentifier>
    </Filter>
    <Filter Include="Fox\Core\Library\Image">
      <UniqueIdentifier>{807E2E5D-6C78-57AF-55E5-EDBF417EBD1B}</UniqueIdentifier>
    </Filter>
    <Filter Include="Fox\Core\Library\Lighting">
      <UniqueIdentifier>{538DC35A-BF4F-F7E4-0800-86717401D0C2}</UniqueIdentifier>
    </Filter>
    <Filter Include="Fox\Core\Library\Semantics">
      <UniqueIdentifier>{24ABB7EE-10BB-63BF-7974-C8DD65A35258}</UniqueIdentifier>
    </Filter>
    <Filter Include="Fox\Core\Library\Template">
      <UniqueIdentifier>{D9747497-4537-A821-8EE7-36AEFAE880FF}</UniqueIdentifier>
    </Filter>
    <Filter Include="Fox\Core\Library\Time">
      <UniqueIdentifier>{6C9FFF9D-D80B-BB98-A1FF-52F60D2BDD00}</UniqueIdentifier>
    </Filter>
    <Filter Include="Fox\Core\Library\Transform">
      <UniqueIdentifier>{590B77E5-451B-23B6-AED4-87D49A03124F}</UniqueIdentifier>
    </Filter>
    <Filter Include="Fox\Core\Library\Utility">
      <UniqueIdentifier>{51B66A0F-3DDB-B98F-6626-9F1F52AAB8AD}</UniqueIdentifier>
    </Filter>
    <Filter Include="Fox\ECS">
      <UniqueIdentifier>{BC48AF1B-2828-2EB7-3140-B98D9D9E9418}</UniqueIdentifier>
    </Filter>
    <Filter Include="Fox\ECS\Components">
      <UniqueIdentifier>{51C077D2-3DA4-3828-A604-337B920723AA}</UniqueIdentifier>
    </Filter>
    <Filter Include="Fox\ECS\Entity">
      <UniqueIdentifier>{88A9F30F-7477-E715-5D0B-583C4978C37A}</UniqueIdentifier>
    </Filter>
    <Filter Include="Fox\ECS\System">
      <UniqueIdentifier>{50906231-3C5E-5637-25F2-C65D115F329C}</UniqueIdentifier>
    </Filter>
    <Filter Include="Fox\Experimental">
      <UniqueIdentifier>{AF633775-9B5C-56C7-C48E-3B4CB0E635D3}</UniqueIdentifier>
    </Filter>
    <Filter Include="Fox\IO">
      <UniqueIdentifier>{D95F43B3-C501-6E89-AEBC-81DD9AFDF4D9}</UniqueIdentifier>
    </Filter>
    <Filter Include="Fox\IO\Filesystem">
      <UniqueIdentifier>{6D1CD78E-D932-D524-22AA-60468EFFA5AC}</UniqueIdentifier>
    </Filter>
    <Filter Include="Fox\IO\Import">
      <UniqueIdentifier>{C36FDD8F-2F30-59C6-F86A-A24364EA9DA2}</UniqueIdentifier>
    </Filter>
    <Filter Include="Fox\IO\Import\Model">
      <UniqueIdentifier>{435FE3D7-AFC0-C0E5-382E-0798A48EF7A4}</UniqueIdentifier>
    </Filter>
    <Filter Include="Fox\IO\Registry">
      <UniqueIdentifier>{419D0CCE-AD28-7A92-B639-FD862244D692}</UniqueIdentifier>
    </Filter>
    <Filter Include="Fox\IO\UUID">
      <UniqueIdentifier>{9FBEE8CC-0B74-61C2-9468-5B99001D58C6}</UniqueIdentifier>
    </Filter>
    <Filter Include="Fox\Input">
      <UniqueIdentifier>{F1E804C5-5D53-B93B-A691-6AE1123B9790}</UniqueIdentifier>
    </Filter>
    <Filter Include="Fox\Input\Code">
      <UniqueIdentifier>{1B4AFAE9-0718-EEEF-F0AB-5E16DC18CA54}</UniqueIdentifier>
    </Filter>
    <Filter Include="Fox\Input\Handler">
      <UniqueIdentifier>{BE104EE9-2A27-4C7F-739E-D7A0DFF31C07}</UniqueIdentifier>
    </Filter>
    <Filter Include="Fox\Input\Handler\Platform">
      <UniqueIdentifier>{D202A685-BE12-5256-27CC-B67413FB40EF}</UniqueIdentifier>
    </Filter>
    <Filter Include="Fox\Rendering">
      <UniqueIdentifier>{3F2BE625-ABEB-615C-7426-ABD9E0A5A638}</UniqueIdentifier>
    </Filter>
    <Filter Include="Fox\Rendering\AABB">
      <UniqueIdentifier>{344CE5A9-2030-A6FF-8990-A05275939081}</UniqueIdentifier>
    </Filter>
    <Filter Include="Fox\Rendering\API">
      <UniqueIdentifier>{A89792B7-14AE-904D-5D25-1C6FC97A61D5}</UniqueIdentifier>
    </Filter>
    <Filter Include="Fox\Rendering\API\Buffer">
      <UniqueIdentifier>{91EC7AE3-7D11-CA63-A65C-AFF392E0C881}</UniqueIdentifier>
    </Filter>
    <Filter Include="Fox\Rendering\API\Concepts">
      <UniqueIdentifier>{96BFBFDE-82CF-6BAF-EB88-D0CDD7B75A48}</UniqueIdentifier>
    </Filter>
    <Filter Include="Fox\Rendering\API\FrameBuffer">
      <UniqueIdentifier>{BC70A3C4-2889-8AEE-F135-1A885D0D1F88}</UniqueIdentifier>
    </Filter>
    <Filter Include="Fox\Rendering\API\Layout">
      <UniqueIdentifier>{552C6FF9-4151-BE79-6A9C-A3095620BD97}</UniqueIdentifier>
    </Filter>
    <Filter Include="Fox\Rendering\API\Query">
      <UniqueIdentifier>{2DD1BD2E-9908-06C6-A212-6AE90EC92CBF}</UniqueIdentifier>
    </Filter>
    <Filter Include="Fox\Rendering\API\RenderBuffer">
      <UniqueIdentifier>{D1D8F1F3-BDFE-BB5A-A644-41269209E126}</UniqueIdentifier>
    </Filter>
    <Filter Include="Fox\Rendering\API\RenderState">
      <UniqueIdentifier>{38C90BDA-A4E1-F203-6D8E-829DD965879D}</UniqueIdentifier>
    </Filter>
    <Filter Include="Fox\Rendering\API\Sampler">
      <UniqueIdentifier>{CB9E5341-3761-87CB-8011-1658EC1260A9}</UniqueIdentifier>
    </Filter>
    <Filter Include="Fox\Rendering\API\Shader">
      <UniqueIdentifier>{4E9A340A-3ABF-838A-630A-691A4F8E82A8}</UniqueIdentifier>
    </Filter>
    <Filter Include="Fox\Rendering\API\Texture">
      <UniqueIdentifier>{08E56B98-74A7-9F22-BD57-2EAF29597800}</UniqueIdentifier>
    </Filter>
    <Filter Include="Fox\Rendering\Buffer">
      <UniqueIdentifier>{48B07FBE-343F-0988-DD5D-1D83C9CB192E}</UniqueIdentifier>
    </Filter>
    <Filter Include="Fox\Rendering\FrameBuffer">
      <UniqueIdentifier>{D31EFAAA-3FE1-2D35-8891-BCC1F4920613}</UniqueIdentifier>
    </Filter>
    <Filter Include="Fox\Rendering\Geometry">
      <UniqueIdentifier>{7A6F4F40-6669-7892-4FD6-0EA33B6FDEFE}</UniqueIdentifier>
    </Filter>
    <Filter Include="Fox\Rendering\Geometry\Primitives">
      <UniqueIdentifier>{150D0C34-817B-61B3-CA64-1CB33612574F}</UniqueIdentifier>
    </Filter>
    <Filter Include="Fox\Rendering\GraphicsAPI">
      <UniqueIdentifier>{1901C535-85C3-F8BF-CE73-874C3A75D19D}</UniqueIdentifier>
    </Filter>
    <Filter Include="Fox\Rendering\GraphicsAPI\OpenGL">
      <UniqueIdentifier>{2D54C49C-19A5-AFDE-4209-9EA02EB94248}</UniqueIdentifier>
    </Filter>
    <Filter Include="Fox\Rendering\GraphicsAPI\OpenGL\Buffer">
      <UniqueIdentifier>{76C114FE-E250-D6E8-EB4C-B700575B11F5}</UniqueIdentifier>
    </Filter>
    <Filter Include="Fox\Rendering\GraphicsAPI\OpenGL\Context">
      <UniqueIdentifier>{C1AB4000-AD28-3443-D6A5-3457C281D0D6}</UniqueIdentifier>
    </Filter>
    <Filter Include="Fox\Rendering\GraphicsAPI\OpenGL\FrameBuffer">
      <UniqueIdentifier>{C11CAF02-AD2F-AF5B-5619-8C48420B4CA9}</UniqueIdentifier>
    </Filter>
    <Filter Include="Fox\Rendering\GraphicsAPI\OpenGL\Object">
      <UniqueIdentifier>{132D121B-7FBC-D305-88B8-B41DF4C60E12}</UniqueIdentifier>
    </Filter>
    <Filter Include="Fox\Rendering\GraphicsAPI\OpenGL\Query">
      <UniqueIdentifier>{721D4E37-5E6F-2527-478E-6237337F3E10}</UniqueIdentifier>
    </Filter>
    <Filter Include="Fox\Rendering\GraphicsAPI\OpenGL\RenderBuffer">
      <UniqueIdentifier>{760573F3-E275-756C-AB94-EFF417C4AD6D}</UniqueIdentifier>
    </Filter>
    <Filter Include="Fox\Rendering\GraphicsAPI\OpenGL\RenderState">
      <UniqueIdentifier>{3D751718-2988-1771-D271-F45DBE63B4BE}</UniqueIdentifier>
    </Filter>
    <Filter Include="Fox\Rendering\GraphicsAPI\OpenGL\Sampler">
      <UniqueIdentifier>{501028AF-3C8D-1BF2-650A-1C0651E6B785}</UniqueIdentifier>
    </Filter>
    <Filter Include="Fox\Rendering\GraphicsAPI\OpenGL\Shader">
      <UniqueIdentifier>{336FCE24-9FFE-8F0F-A8FA-70271409CB1B}</UniqueIdentifier>
    </Filter>
    <Filter Include="Fox\Rendering\GraphicsAPI\OpenGL\Texture">
      <UniqueIdentifier>{8D564006-79D3-3349-A250-345D8E2CD0DC}</UniqueIdentifier>
    </Filter>
    <Filter Include="Fox\Rendering\GraphicsAPI\Vulkan">
      <UniqueIdentifier>{79B876AD-6509-62EF-8E6D-50B17A1DF558}</UniqueIdentifier>
    </Filter>
    <Filter Include="Fox\Rendering\Material">
      <UniqueIdentifier>{BD7011A1-A96A-3AF3-92D7-D0037E70A05F}</UniqueIdentifier>
    </Filter>
    <Filter Include="Fox\Rendering\Mesh">
      <UniqueIdentifier>{5B80ECA9-4764-ADFF-B0C4-A7529CC79781}</UniqueIdentifier>
    </Filter>
    <Filter Include="Fox\Rendering\Model">
      <UniqueIdentifier>{BFC781E7-2B29-5FF5-B496-A5A720F795B4}</UniqueIdentifier>
    </Filter>
    <Filter Include="Fox\Rendering\PostProcessing">
      <UniqueIdentifier>{51D8531B-3D93-43C7-E64A-BC11D2E48D57}</UniqueIdentifier>
    </Filter>
    <Filter Include="Fox\Rendering\Projection">
      <UniqueIdentifier>{CB9978B8-B7BE-C738-E009-ADC8CC8DC656}</UniqueIdentifier>
    </Filter>
    <Filter Include="Fox\Rendering\RenderBuffer">
      <UniqueIdentifier>{C8491EA5-B459-CA75-1D13-2F940942B90E}</UniqueIdentifier>
    </Filter>
    <Filter Include="Fox\Rendering\RenderInfo">
      <UniqueIdentifier>{FAAC141D-E6D1-639D-0F1D-492DFBA062BB}</UniqueIdentifier>
    </Filter>
    <Filter Include="Fox\Rendering\Renderer">
      <UniqueIdentifier>{C5852B64-B17F-54B6-9AEC-EAC68685BA22}</UniqueIdentifier>
    </Filter>
    <Filter Include="Fox\Rendering\Shader">
      <UniqueIdentifier>{055E39E5-F1EC-C2AE-9A0B-D7A98679D354}</UniqueIdentifier>
    </Filter>
    <Filter Include="Fox\Rendering\Texture">
      <UniqueIdentifier>{9F1F09D4-0B8C-C4CE-D47F-5C2C40ABE636}</UniqueIdentifier>
    </Filter>
    <Filter Include="Fox\Rendering\Uniform">
      <UniqueIdentifier>{AE93EA34-1A00-A62F-E3F3-3D8D4F1FC897}</UniqueIdentifier>
    </Filter>
    <Filter Include="Fox\Scene">
      <UniqueIdentifier>{0FA6B3C5-7B10-683C-C44E-19E230F84591}</UniqueIdentifier>
    </Filter>
    <Filter Include="Fox\Window">
      <UniqueIdentifier>{1964EE85-051C-30D3-6E23-092F5AFACAC3}</UniqueIdentifier>
    </Filter>
    <Filter Include="Fox\Window\API">
      <UniqueIdentifier>{82AD5FE0-6E7B-53E6-570F-C40C437C2F4B}</UniqueIdentifier>
    </Filter>
    <Filter Include="Fox\Window\API\GLFW">
      <UniqueIdentifier>{012AEDB2-6D8B-CAC0-F6F8-107362590180}</UniqueIdentifier>
    </Filter>
  </ItemGroup>
  <ItemGroup>
    <ClInclude Include="src\Fox\Application.hpp">
      <Filter>Fox</Filter>
    </ClInclude>
    <ClInclude Include="src\Fox\Config.hpp">
      <Filter>Fox</Filter>
    </ClInclude>
    <ClInclude Include="src\Fox\Core\Library\Camera\Camera.hpp">
      <Filter>Fox\Core\Library\Camera</Filter>
    </ClInclude>
    <ClInclude Include="src\Fox\Core\Library\Component\MeshFilter.hpp">
      <Filter>Fox\Core\Library\Component</Filter>
    </ClInclude>
    <ClInclude Include="src\Fox\Core\Library\Component\Relationship.hpp">
      <Filter>Fox\Core\Library\Component</Filter>
    </ClInclude>
    <ClInclude Include="src\Fox\Core\Library\Container\CyclicBuffer.hpp">
      <Filter>Fox\Core\Library\Container</Filter>
    </ClInclude>
    <ClInclude Include="src\Fox\Core\Library\Image\Image.hpp">
      <Filter>Fox\Core\Library\Image</Filter>
    </ClInclude>
    <ClInclude Include="src\Fox\Core\Library\Lighting\Light.hpp">
      <Filter>Fox\Core\Library\Lighting</Filter>
    </ClInclude>
    <ClInclude Include="src\Fox\Core\Library\Semantics\NonCopyable.hpp">
      <Filter>Fox\Core\Library\Semantics</Filter>
    </ClInclude>
    <ClInclude Include="src\Fox\Core\Library\Semantics\NonMovable.hpp">
      <Filter>Fox\Core\Library\Semantics</Filter>
    </ClInclude>
    <ClInclude Include="src\Fox\Core\Library\Template\Concepts.hpp">
      <Filter>Fox\Core\Library\Template</Filter>
    </ClInclude>
    <ClInclude Include="src\Fox\Core\Library\Time\Time.hpp">
      <Filter>Fox\Core\Library\Time</Filter>
    </ClInclude>
    <ClInclude Include="src\Fox\Core\Library\Transform\Transform.hpp">
      <Filter>Fox\Core\Library\Transform</Filter>
    </ClInclude>
    <ClInclude Include="src\Fox\Core\Library\Utility\Bitwise.hpp">
      <Filter>Fox\Core\Library\Utility</Filter>
    </ClInclude>
    <ClInclude Include="src\Fox\Core\Library\Utility\Utility.hpp">
      <Filter>Fox\Core\Library\Utility</Filter>
    </ClInclude>
    <ClInclude Include="src\Fox\Core\Types.hpp">
      <Filter>Fox\Core</Filter>
    </ClInclude>
    <ClInclude Include="src\Fox\ECS\Components\Component.hpp">
      <Filter>Fox\ECS\Components</Filter>
    </ClInclude>
    <ClInclude Include="src\Fox\ECS\Components\Components.hpp">
      <Filter>Fox\ECS\Components</Filter>
    </ClInclude>
    <ClInclude Include="src\Fox\ECS\Entity\Entity.hpp">
      <Filter>Fox\ECS\Entity</Filter>
    </ClInclude>
    <ClInclude Include="src\Fox\ECS\Registry.hpp">
      <Filter>Fox\ECS</Filter>
    </ClInclude>
    <ClInclude Include="src\Fox\ECS\System\RenderSystem.hpp">
      <Filter>Fox\ECS\System</Filter>
    </ClInclude>
    <ClInclude Include="src\Fox\ECS\System\System.hpp">
      <Filter>Fox\ECS\System</Filter>
    </ClInclude>
    <ClInclude Include="src\Fox\ECS\Types.hpp">
      <Filter>Fox\ECS</Filter>
    </ClInclude>
    <ClInclude Include="src\Fox\Experimental\Experimental.hpp">
      <Filter>Fox\Experimental</Filter>
    </ClInclude>
    <ClInclude Include="src\Fox\IO\Filesystem\Directory.hpp">
      <Filter>Fox\IO\Filesystem</Filter>
    </ClInclude>
    <ClInclude Include="src\Fox\IO\Filesystem\Entry.hpp">
      <Filter>Fox\IO\Filesystem</Filter>
    </ClInclude>
    <ClInclude Include="src\Fox\IO\Filesystem\File.hpp">
      <Filter>Fox\IO\Filesystem</Filter>
    </ClInclude>
    <ClInclude Include="src\Fox\IO\Filesystem\Handle.hpp">
      <Filter>Fox\IO\Filesystem</Filter>
    </ClInclude>
    <ClInclude Include="src\Fox\IO\IO.hpp">
      <Filter>Fox\IO</Filter>
    </ClInclude>
    <ClInclude Include="src\Fox\IO\Import\Model\GLTFImporter.hpp">
      <Filter>Fox\IO\Import\Model</Filter>
    </ClInclude>
    <ClInclude Include="src\Fox\IO\Import\Model\ModelImporter.hpp">
      <Filter>Fox\IO\Import\Model</Filter>
    </ClInclude>
    <ClInclude Include="src\Fox\IO\Registry\Registry.hpp">
      <Filter>Fox\IO\Registry</Filter>
    </ClInclude>
    <ClInclude Include="src\Fox\IO\UUID\UUID.hpp">
      <Filter>Fox\IO\UUID</Filter>
    </ClInclude>
    <ClInclude Include="src\Fox\Input\Code\ButtonCode.hpp">
      <Filter>Fox\Input\Code</Filter>
    </ClInclude>
    <ClInclude Include="src\Fox\Input\Code\KeyCode.hpp">
      <Filter>Fox\Input\Code</Filter>
    </ClInclude>
    <ClInclude Include="src\Fox\Input\Code\ModifierCode.hpp">
      <Filter>Fox\Input\Code</Filter>
    </ClInclude>
    <ClInclude Include="src\Fox\Input\Handler\InputHandlerAPI.hpp">
      <Filter>Fox\Input\Handler</Filter>
    </ClInclude>
    <ClInclude Include="src\Fox\Input\Handler\Platform\GLFWInputHandler.hpp">
      <Filter>Fox\Input\Handler\Platform</Filter>
    </ClInclude>
    <ClInclude Include="src\Fox\Input\Input.hpp">
      <Filter>Fox\Input</Filter>
    </ClInclude>
    <ClInclude Include="src\Fox\Rendering\AABB\AABB.hpp">
      <Filter>Fox\Rendering\AABB</Filter>
    </ClInclude>
    <ClInclude Include="src\Fox\Rendering\API\Buffer\Buffer.hpp">
      <Filter>Fox\Rendering\API\Buffer</Filter>
    </ClInclude>
    <ClInclude Include="src\Fox\Rendering\API\Buffer\DataType.hpp">
      <Filter>Fox\Rendering\API\Buffer</Filter>
    </ClInclude>
    <ClInclude Include="src\Fox\Rendering\API\Buffer\VertexArray.hpp">
      <Filter>Fox\Rendering\API\Buffer</Filter>
    </ClInclude>
    <ClInclude Include="src\Fox\Rendering\API\Concepts\Concepts.hpp">
      <Filter>Fox\Rendering\API\Concepts</Filter>
    </ClInclude>
    <ClInclude Include="src\Fox\Rendering\API\FrameBuffer\FrameBuffer.hpp">
      <Filter>Fox\Rendering\API\FrameBuffer</Filter>
    </ClInclude>
    <ClInclude Include="src\Fox\Rendering\API\FrameBuffer\Mapping.hpp">
      <Filter>Fox\Rendering\API\FrameBuffer</Filter>
    </ClInclude>
    <ClInclude Include="src\Fox\Rendering\API\Layout\Layout.hpp">
      <Filter>Fox\Rendering\API\Layout</Filter>
    </ClInclude>
    <ClInclude Include="src\Fox\Rendering\API\Layout\VertexLayout.hpp">
      <Filter>Fox\Rendering\API\Layout</Filter>
    </ClInclude>
    <ClInclude Include="src\Fox\Rendering\API\Query\Query.hpp">
      <Filter>Fox\Rendering\API\Query</Filter>
    </ClInclude>
    <ClInclude Include="src\Fox\Rendering\API\RenderBuffer\RenderBuffer.hpp">
      <Filter>Fox\Rendering\API\RenderBuffer</Filter>
    </ClInclude>
    <ClInclude Include="src\Fox\Rendering\API\RenderState\RenderState.hpp">
      <Filter>Fox\Rendering\API\RenderState</Filter>
    </ClInclude>
    <ClInclude Include="src\Fox\Rendering\API\Sampler\Sampler.hpp">
      <Filter>Fox\Rendering\API\Sampler</Filter>
    </ClInclude>
    <ClInclude Include="src\Fox\Rendering\API\Shader\Pipeline.hpp">
      <Filter>Fox\Rendering\API\Shader</Filter>
    </ClInclude>
    <ClInclude Include="src\Fox\Rendering\API\Shader\Shader.hpp">
      <Filter>Fox\Rendering\API\Shader</Filter>
    </ClInclude>
    <ClInclude Include="src\Fox\Rendering\API\Shader\Utility.hpp">
      <Filter>Fox\Rendering\API\Shader</Filter>
    </ClInclude>
    <ClInclude Include="src\Fox\Rendering\API\Texture\AntiAliasing.hpp">
      <Filter>Fox\Rendering\API\Texture</Filter>
    </ClInclude>
    <ClInclude Include="src\Fox\Rendering\API\Texture\Cubemap.hpp">
      <Filter>Fox\Rendering\API\Texture</Filter>
    </ClInclude>
    <ClInclude Include="src\Fox\Rendering\API\Texture\Dimensions.hpp">
      <Filter>Fox\Rendering\API\Texture</Filter>
    </ClInclude>
    <ClInclude Include="src\Fox\Rendering\API\Texture\MipMap.hpp">
      <Filter>Fox\Rendering\API\Texture</Filter>
    </ClInclude>
    <ClInclude Include="src\Fox\Rendering\API\Texture\Texture.hpp">
      <Filter>Fox\Rendering\API\Texture</Filter>
    </ClInclude>
    <ClInclude Include="src\Fox\Rendering\Buffer\Buffer.hpp">
      <Filter>Fox\Rendering\Buffer</Filter>
    </ClInclude>
    <ClInclude Include="src\Fox\Rendering\Buffer\VertexArray.hpp">
      <Filter>Fox\Rendering\Buffer</Filter>
    </ClInclude>
    <ClInclude Include="src\Fox\Rendering\FrameBuffer\FrameBuffer.hpp">
      <Filter>Fox\Rendering\FrameBuffer</Filter>
    </ClInclude>
    <ClInclude Include="src\Fox\Rendering\Geometry\Geometry.hpp">
      <Filter>Fox\Rendering\Geometry</Filter>
    </ClInclude>
    <ClInclude Include="src\Fox\Rendering\Geometry\Primitives\Cube.hpp">
      <Filter>Fox\Rendering\Geometry\Primitives</Filter>
    </ClInclude>
    <ClInclude Include="src\Fox\Rendering\Geometry\Primitives\Plane.hpp">
      <Filter>Fox\Rendering\Geometry\Primitives</Filter>
    </ClInclude>
    <ClInclude Include="src\Fox\Rendering\GraphicsAPI\GraphicsAPI.hpp">
      <Filter>Fox\Rendering\GraphicsAPI</Filter>
    </ClInclude>
    <ClInclude Include="src\Fox\Rendering\GraphicsAPI\OpenGL\Buffer\Buffer.hpp">
      <Filter>Fox\Rendering\GraphicsAPI\OpenGL\Buffer</Filter>
    </ClInclude>
    <ClInclude Include="src\Fox\Rendering\GraphicsAPI\OpenGL\Buffer\VertexArray.hpp">
      <Filter>Fox\Rendering\GraphicsAPI\OpenGL\Buffer</Filter>
    </ClInclude>
    <ClInclude Include="src\Fox\Rendering\GraphicsAPI\OpenGL\Context\Context.hpp">
      <Filter>Fox\Rendering\GraphicsAPI\OpenGL\Context</Filter>
    </ClInclude>
    <ClInclude Include="src\Fox\Rendering\GraphicsAPI\OpenGL\Enum.hpp">
      <Filter>Fox\Rendering\GraphicsAPI\OpenGL</Filter>
    </ClInclude>
    <ClInclude Include="src\Fox\Rendering\GraphicsAPI\OpenGL\Flags.hpp">
      <Filter>Fox\Rendering\GraphicsAPI\OpenGL</Filter>
    </ClInclude>
    <ClInclude Include="src\Fox\Rendering\GraphicsAPI\OpenGL\FrameBuffer\FrameBuffer.hpp">
      <Filter>Fox\Rendering\GraphicsAPI\OpenGL\FrameBuffer</Filter>
    </ClInclude>
    <ClInclude Include="src\Fox\Rendering\GraphicsAPI\OpenGL\GL.hpp">
      <Filter>Fox\Rendering\GraphicsAPI\OpenGL</Filter>
    </ClInclude>
    <ClInclude Include="src\Fox\Rendering\GraphicsAPI\OpenGL\Mapping.hpp">
      <Filter>Fox\Rendering\GraphicsAPI\OpenGL</Filter>
    </ClInclude>
    <ClInclude Include="src\Fox\Rendering\GraphicsAPI\OpenGL\Object\Object.hpp">
      <Filter>Fox\Rendering\GraphicsAPI\OpenGL\Object</Filter>
    </ClInclude>
    <ClInclude Include="src\Fox\Rendering\GraphicsAPI\OpenGL\OpenGL.hpp">
      <Filter>Fox\Rendering\GraphicsAPI\OpenGL</Filter>
    </ClInclude>
    <ClInclude Include="src\Fox\Rendering\GraphicsAPI\OpenGL\Parameters.hpp">
      <Filter>Fox\Rendering\GraphicsAPI\OpenGL</Filter>
    </ClInclude>
    <ClInclude Include="src\Fox\Rendering\GraphicsAPI\OpenGL\Query\Query.hpp">
      <Filter>Fox\Rendering\GraphicsAPI\OpenGL\Query</Filter>
    </ClInclude>
    <ClInclude Include="src\Fox\Rendering\GraphicsAPI\OpenGL\RenderBuffer\RenderBuffer.hpp">
      <Filter>Fox\Rendering\GraphicsAPI\OpenGL\RenderBuffer</Filter>
    </ClInclude>
    <ClInclude Include="src\Fox\Rendering\GraphicsAPI\OpenGL\RenderState\RenderState.hpp">
      <Filter>Fox\Rendering\GraphicsAPI\OpenGL\RenderState</Filter>
    </ClInclude>
    <ClInclude Include="src\Fox\Rendering\GraphicsAPI\OpenGL\Sampler\Sampler.hpp">
      <Filter>Fox\Rendering\GraphicsAPI\OpenGL\Sampler</Filter>
    </ClInclude>
    <ClInclude Include="src\Fox\Rendering\GraphicsAPI\OpenGL\Shader\Pipeline.hpp">
      <Filter>Fox\Rendering\GraphicsAPI\OpenGL\Shader</Filter>
    </ClInclude>
    <ClInclude Include="src\Fox\Rendering\GraphicsAPI\OpenGL\Shader\Shader.hpp">
      <Filter>Fox\Rendering\GraphicsAPI\OpenGL\Shader</Filter>
    </ClInclude>
    <ClInclude Include="src\Fox\Rendering\GraphicsAPI\OpenGL\Texture\Cubemap.hpp">
      <Filter>Fox\Rendering\GraphicsAPI\OpenGL\Texture</Filter>
    </ClInclude>
    <ClInclude Include="src\Fox\Rendering\GraphicsAPI\OpenGL\Texture\Texture.hpp">
      <Filter>Fox\Rendering\GraphicsAPI\OpenGL\Texture</Filter>
    </ClInclude>
    <ClInclude Include="src\Fox\Rendering\GraphicsAPI\OpenGL\Types.hpp">
      <Filter>Fox\Rendering\GraphicsAPI\OpenGL</Filter>
    </ClInclude>
    <ClInclude Include="src\Fox\Rendering\GraphicsAPI\Vulkan\VK.hpp">
      <Filter>Fox\Rendering\GraphicsAPI\Vulkan</Filter>
    </ClInclude>
    <ClInclude Include="src\Fox\Rendering\GraphicsAPI\Vulkan\VKMappings.hpp">
      <Filter>Fox\Rendering\GraphicsAPI\Vulkan</Filter>
    </ClInclude>
    <ClInclude Include="src\Fox\Rendering\GraphicsAPI\Vulkan\Vulkan.hpp">
      <Filter>Fox\Rendering\GraphicsAPI\Vulkan</Filter>
    </ClInclude>
    <ClInclude Include="src\Fox\Rendering\Material\Material.hpp">
      <Filter>Fox\Rendering\Material</Filter>
    </ClInclude>
    <ClInclude Include="src\Fox\Rendering\Mesh\Mesh.hpp">
      <Filter>Fox\Rendering\Mesh</Filter>
    </ClInclude>
    <ClInclude Include="src\Fox\Rendering\Model\Model.hpp">
      <Filter>Fox\Rendering\Model</Filter>
    </ClInclude>
    <ClInclude Include="src\Fox\Rendering\PostProcessing\PostProcessing.hpp">
      <Filter>Fox\Rendering\PostProcessing</Filter>
    </ClInclude>
    <ClInclude Include="src\Fox\Rendering\Projection\Projection.hpp">
      <Filter>Fox\Rendering\Projection</Filter>
    </ClInclude>
    <ClInclude Include="src\Fox\Rendering\RenderBuffer\RenderBuffer.hpp">
      <Filter>Fox\Rendering\RenderBuffer</Filter>
    </ClInclude>
    <ClInclude Include="src\Fox\Rendering\RenderInfo\RenderInfo.hpp">
      <Filter>Fox\Rendering\RenderInfo</Filter>
    </ClInclude>
    <ClInclude Include="src\Fox\Rendering\Renderer\OpenGLRenderer.hpp">
      <Filter>Fox\Rendering\Renderer</Filter>
    </ClInclude>
    <ClInclude Include="src\Fox\Rendering\Renderer\RenderMode.hpp">
      <Filter>Fox\Rendering\Renderer</Filter>
    </ClInclude>
    <ClInclude Include="src\Fox\Rendering\Renderer\Renderer.hpp">
      <Filter>Fox\Rendering\Renderer</Filter>
    </ClInclude>
    <ClInclude Include="src\Fox\Rendering\Rendering.hpp">
      <Filter>Fox\Rendering</Filter>
    </ClInclude>
    <ClInclude Include="src\Fox\Rendering\Shader\Pipeline.hpp">
      <Filter>Fox\Rendering\Shader</Filter>
    </ClInclude>
    <ClInclude Include="src\Fox\Rendering\Shader\Shader.hpp">
      <Filter>Fox\Rendering\Shader</Filter>
    </ClInclude>
    <ClInclude Include="src\Fox\Rendering\Texture\Cubemap.hpp">
      <Filter>Fox\Rendering\Texture</Filter>
    </ClInclude>
    <ClInclude Include="src\Fox\Rendering\Texture\Texture.hpp">
      <Filter>Fox\Rendering\Texture</Filter>
    </ClInclude>
    <ClInclude Include="src\Fox\Rendering\Uniform\Uniform.hpp">
      <Filter>Fox\Rendering\Uniform</Filter>
    </ClInclude>
    <ClInclude Include="src\Fox\Scene\Actor.hpp">
      <Filter>Fox\Scene</Filter>
    </ClInclude>
    <ClInclude Include="src\Fox\Scene\Scene.hpp">
      <Filter>Fox\Scene</Filter>
    </ClInclude>
    <ClInclude Include="src\Fox\Window\API\GLFW\GLFWWindow.hpp">
      <Filter>Fox\Window\API\GLFW</Filter>
    </ClInclude>
    <ClInclude Include="src\Fox\Window\Using.hpp">
      <Filter>Fox\Window</Filter>
    </ClInclude>
    <ClInclude Include="src\Fox\Window\Window.hpp">
      <Filter>Fox\Window</Filter>
    </ClInclude>
    <ClInclude Include="src\Fox\Window\WindowManager.hpp">
      <Filter>Fox\Window</Filter>
    </ClInclude>
    <ClInclude Include="src\stdafx.hpp" />
    <ClInclude Include="src\Fox\Rendering\GraphicsAPI\OpenGL\Concepts.hpp" />
  </ItemGroup>
  <ItemGroup>
    <ClCompile Include="src\Fox\Application.cpp">
      <Filter>Fox</Filter>
    </ClCompile>
    <ClCompile Include="src\Fox\Core\Library\Image\Image.cpp">
      <Filter>Fox\Core\Library\Image</Filter>
    </ClCompile>
    <ClCompile Include="src\Fox\IO\Import\Model\ModelImporter.cpp">
      <Filter>Fox\IO\Import\Model</Filter>
    </ClCompile>
    <ClCompile Include="src\Fox\Input\Handler\Platform\GLFWInputHandler.cpp">
      <Filter>Fox\Input\Handler\Platform</Filter>
    </ClCompile>
    <ClCompile Include="src\Fox\Input\Input.cpp">
      <Filter>Fox\Input</Filter>
    </ClCompile>
    <ClCompile Include="src\Fox\Rendering\Geometry\Geometry.cpp">
      <Filter>Fox\Rendering\Geometry</Filter>
    </ClCompile>
    <ClCompile Include="src\Fox\Scene\Scene.cpp">
      <Filter>Fox\Scene</Filter>
    </ClCompile>
    <ClCompile Include="src\Fox\Window\API\GLFW\GLFWWindow.cpp">
      <Filter>Fox\Window\API\GLFW</Filter>
    </ClCompile>
    <ClCompile Include="src\Fox\Window\WindowManager.cpp">
      <Filter>Fox\Window</Filter>
    </ClCompile>
    <ClCompile Include="src\stdafx.cpp" />
  </ItemGroup>
</Project>