<?xml version="1.0" encoding="utf-8"?>
<Project ToolsVersion="4.0" xmlns="http://schemas.microsoft.com/developer/msbuild/2003">
  <ItemGroup>
    <Filter Include="Helix">
      <UniqueIdentifier>{1F204F0D-8B34-77BE-54B6-1A1EC08973EF}</UniqueIdentifier>
    </Filter>
    <Filter Include="Helix\Core">
      <UniqueIdentifier>{D72F8CA7-C3E7-CDF4-2CEF-A65018C668E5}</UniqueIdentifier>
    </Filter>
    <Filter Include="Helix\Core\Include">
      <UniqueIdentifier>{2AA6137C-168A-D4D1-7FEA-CE246BEDBE53}</UniqueIdentifier>
    </Filter>
    <Filter Include="Helix\Core\Library">
      <UniqueIdentifier>{DB6F4957-C753-0AAD-30B4-04001CB7F42E}</UniqueIdentifier>
    </Filter>
    <Filter Include="Helix\Core\Library\Camera">
      <UniqueIdentifier>{F33F1B98-5F02-4F22-A8B2-DDAE14B42700}</UniqueIdentifier>
    </Filter>
    <Filter Include="Helix\Core\Library\Container">
      <UniqueIdentifier>{6D05B0E3-59C0-9F8F-0278-18DAEE11EA1F}</UniqueIdentifier>
    </Filter>
    <Filter Include="Helix\Core\Library\Image">
      <UniqueIdentifier>{0D8A7BB7-F9AE-CA37-22FA-AFC70E7EC955}</UniqueIdentifier>
    </Filter>
    <Filter Include="Helix\Core\Library\Lighting">
      <UniqueIdentifier>{C00946B4-2C17-749A-B5FD-6F85210A4051}</UniqueIdentifier>
    </Filter>
    <Filter Include="Helix\Core\Library\Memory">
      <UniqueIdentifier>{E362B7AF-4F25-EB39-98D5-79C604D7C317}</UniqueIdentifier>
    </Filter>
    <Filter Include="Helix\Core\Library\Semantics">
      <UniqueIdentifier>{31B58978-1D70-7924-C627-F26EB2C1C3B4}</UniqueIdentifier>
    </Filter>
    <Filter Include="Helix\Core\Library\Template">
      <UniqueIdentifier>{46F1F6F0-B2FE-24D7-3BE5-20C2A7F1F08D}</UniqueIdentifier>
    </Filter>
    <Filter Include="Helix\Core\Library\Time">
      <UniqueIdentifier>{59EDE23B-C524-2BD3-CE2E-8FF63AE551CC}</UniqueIdentifier>
    </Filter>
    <Filter Include="Helix\Core\Library\Transform">
      <UniqueIdentifier>{6615496F-52D0-381B-FB87-B165E72183AB}</UniqueIdentifier>
    </Filter>
    <Filter Include="Helix\Core\Library\Utility">
      <UniqueIdentifier>{1ED92831-0AE9-D401-73A2-39205FD1C39A}</UniqueIdentifier>
    </Filter>
    <Filter Include="Helix\ECS">
      <UniqueIdentifier>{E90B2B62-5576-DFD8-9EB4-907E0A5EBD2D}</UniqueIdentifier>
    </Filter>
    <Filter Include="Helix\ECS\Components">
      <UniqueIdentifier>{5E0DFB30-4A9C-84FA-F3BA-98F5DF2895A0}</UniqueIdentifier>
    </Filter>
    <Filter Include="Helix\ECS\Entity">
      <UniqueIdentifier>{1578C88A-0171-E7DC-2AA3-CC6116FBC6E8}</UniqueIdentifier>
    </Filter>
    <Filter Include="Helix\ECS\System">
      <UniqueIdentifier>{DD5E37AC-C957-56FE-F289-3B83DEE1350A}</UniqueIdentifier>
    </Filter>
    <Filter Include="Helix\Experimental">
      <UniqueIdentifier>{7C097AF8-68ED-3A4E-D14D-35A1BD5025D0}</UniqueIdentifier>
    </Filter>
    <Filter Include="Helix\IO">
      <UniqueIdentifier>{66F18C50-52BE-E75B-7BD7-D50367031DEA}</UniqueIdentifier>
    </Filter>
    <Filter Include="Helix\IO\Filesystem">
      <UniqueIdentifier>{DA7B6E7A-46DD-4B88-CF4A-923A3BAB8247}</UniqueIdentifier>
    </Filter>
    <Filter Include="Helix\IO\Import">
      <UniqueIdentifier>{B020DCAA-1CAC-496F-25BD-CC6391C7A56F}</UniqueIdentifier>
    </Filter>
    <Filter Include="Helix\IO\Import\Model">
      <UniqueIdentifier>{F04DD006-5CBA-8B01-25AE-235F91D9AD69}</UniqueIdentifier>
    </Filter>
    <Filter Include="Helix\Input">
      <UniqueIdentifier>{5E2B7E99-CAE0-F68E-53D5-F065BF89ED92}</UniqueIdentifier>
    </Filter>
    <Filter Include="Helix\Input\Code">
      <UniqueIdentifier>{A818CF64-9411-EEB6-BD43-D33BA99BCDC2}</UniqueIdentifier>
    </Filter>
    <Filter Include="Helix\Input\Handler">
      <UniqueIdentifier>{2B70E5D4-97D1-C2E2-203F-09958C9FF9A1}</UniqueIdentifier>
    </Filter>
    <Filter Include="Helix\Input\Handler\Platform">
      <UniqueIdentifier>{DF0C780F-CBC7-67BB-747F-E0056019B24B}</UniqueIdentifier>
    </Filter>
    <Filter Include="Helix\Rendering">
      <UniqueIdentifier>{2CDCE440-9867-5205-A178-D5F90D83AE05}</UniqueIdentifier>
    </Filter>
    <Filter Include="Helix\Rendering\AABB">
      <UniqueIdentifier>{41996808-2D28-F2D1-D646-06CDC2B40278}</UniqueIdentifier>
    </Filter>
    <Filter Include="Helix\Rendering\API">
      <UniqueIdentifier>{15F729A3-8158-07B1-0AC6-4D6376263E70}</UniqueIdentifier>
    </Filter>
    <Filter Include="Helix\Rendering\API\Implementation">
      <UniqueIdentifier>{EAB7C484-D6F3-C7EE-3F06-E0E52B617009}</UniqueIdentifier>
    </Filter>
    <Filter Include="Helix\Rendering\API\OpenGL">
      <UniqueIdentifier>{A9363123-9546-DDF3-FEFF-4112EA2ECC8C}</UniqueIdentifier>
    </Filter>
    <Filter Include="Helix\Rendering\API\OpenGL\Buffer">
      <UniqueIdentifier>{7280D220-DEEE-27A0-27D8-E29F93851D3C}</UniqueIdentifier>
    </Filter>
    <Filter Include="Helix\Rendering\API\OpenGL\Internal">
      <UniqueIdentifier>{F5CA061B-6184-71C5-EAE3-8B9F569C2735}</UniqueIdentifier>
    </Filter>
    <Filter Include="Helix\Rendering\API\OpenGL\Layout">
      <UniqueIdentifier>{36C0C636-A22E-1CB6-EB17-D7B557C51152}</UniqueIdentifier>
    </Filter>
    <Filter Include="Helix\Rendering\API\OpenGL\RenderState">
      <UniqueIdentifier>{B9F1EFF8-A543-C7E8-8E62-04F97A53E0D1}</UniqueIdentifier>
    </Filter>
    <Filter Include="Helix\Rendering\API\OpenGL\Renderer">
      <UniqueIdentifier>{6F0873A6-DBC1-DD50-6421-F82AD0D993C0}</UniqueIdentifier>
    </Filter>
    <Filter Include="Helix\Rendering\API\OpenGL\Shader">
      <UniqueIdentifier>{2F2E8C47-9B9C-E1C6-E485-9CC65033D762}</UniqueIdentifier>
    </Filter>
    <Filter Include="Helix\Rendering\API\OpenGL\Texture">
      <UniqueIdentifier>{09F5B580-F530-B9EA-5E43-D1E14A9E6105}</UniqueIdentifier>
    </Filter>
    <Filter Include="Helix\Rendering\API\Vulkan">
      <UniqueIdentifier>{F59AE333-E1AA-8F04-4A64-F42236937E9D}</UniqueIdentifier>
    </Filter>
    <Filter Include="Helix\Rendering\Blueprint">
      <UniqueIdentifier>{106E84D9-7C30-B863-C5E0-46F031E29041}</UniqueIdentifier>
    </Filter>
    <Filter Include="Helix\Rendering\Buffer">
      <UniqueIdentifier>{95740ACB-816E-331D-6ADB-C92D56749989}</UniqueIdentifier>
    </Filter>
    <Filter Include="Helix\Rendering\Geometry">
      <UniqueIdentifier>{077B9C9A-F39F-EB1A-1CEB-D0AA086FEA38}</UniqueIdentifier>
    </Filter>
    <Filter Include="Helix\Rendering\Geometry\Primitives">
      <UniqueIdentifier>{82A646CF-EE5F-B179-77BF-CB53E37767E9}</UniqueIdentifier>
    </Filter>
    <Filter Include="Helix\Rendering\Internal">
      <UniqueIdentifier>{D8530C33-C478-5BB3-EDC3-4043D9475AD1}</UniqueIdentifier>
    </Filter>
    <Filter Include="Helix\Rendering\Layout">
      <UniqueIdentifier>{59B4FEE0-45AE-2733-2E1B-BE431AB48D9F}</UniqueIdentifier>
    </Filter>
    <Filter Include="Helix\Rendering\Material">
      <UniqueIdentifier>{4A7C5EFB-36A1-AD7B-5FEC-920B4B70AC99}</UniqueIdentifier>
    </Filter>
    <Filter Include="Helix\Rendering\Mesh">
      <UniqueIdentifier>{68CD6F08-545C-F9D1-FD7A-0DCDE9E80978}</UniqueIdentifier>
    </Filter>
    <Filter Include="Helix\Rendering\Model">
      <UniqueIdentifier>{6CB66E16-D822-2A11-A116-C26E0D424C79}</UniqueIdentifier>
    </Filter>
    <Filter Include="Helix\Rendering\PostProcessing">
      <UniqueIdentifier>{9E99D061-8ABF-9AC8-7305-20945FCABF94}</UniqueIdentifier>
    </Filter>
    <Filter Include="Helix\Rendering\Projection">
      <UniqueIdentifier>{98BC36DA-84CC-E2AA-ED85-47C9D9B4D143}</UniqueIdentifier>
    </Filter>
    <Filter Include="Helix\Rendering\RenderInfo">
      <UniqueIdentifier>{C7CFD23E-B3DF-7E0F-1C99-E32D08C86DA8}</UniqueIdentifier>
    </Filter>
    <Filter Include="Helix\Rendering\RenderState">
      <UniqueIdentifier>{BCF3E419-2801-1300-B1E7-0EEB1DF4DEB6}</UniqueIdentifier>
    </Filter>
    <Filter Include="Helix\Rendering\Renderer">
      <UniqueIdentifier>{529178BE-3EB6-C73E-6701-ADCE5385C65C}</UniqueIdentifier>
    </Filter>
    <Filter Include="Helix\Rendering\Shader">
      <UniqueIdentifier>{5222C4F1-3E1C-ED43-2789-8354132253B0}</UniqueIdentifier>
    </Filter>
    <Filter Include="Helix\Rendering\Texture">
      <UniqueIdentifier>{8C6DEC71-F8A4-3409-01AF-982C6D655B02}</UniqueIdentifier>
    </Filter>
    <Filter Include="Helix\Rendering\Uniform">
      <UniqueIdentifier>{9BE1CDD2-0719-166A-1023-7A8D7CD93C63}</UniqueIdentifier>
    </Filter>
    <Filter Include="Helix\Rendering\Utility">
      <UniqueIdentifier>{6F06D0E0-DB3D-1878-E447-7C9B50FE3E71}</UniqueIdentifier>
    </Filter>
    <Filter Include="Helix\Scene">
      <UniqueIdentifier>{7CE82C9A-E89D-A58F-7192-9F66DD469C93}</UniqueIdentifier>
    </Filter>
    <Filter Include="Helix\Test">
      <UniqueIdentifier>{EE5795A7-DA0F-D7F4-4317-B0502FEE71E5}</UniqueIdentifier>
    </Filter>
    <Filter Include="Helix\Window">
      <UniqueIdentifier>{26F48FE9-1257-1F8E-BBDC-5744A71EEB10}</UniqueIdentifier>
    </Filter>
    <Filter Include="Helix\Window\API">
      <UniqueIdentifier>{0F7C345B-FB74-53AD-24A7-383210FF32B9}</UniqueIdentifier>
    </Filter>
    <Filter Include="Helix\Window\API\GLFW">
      <UniqueIdentifier>{AE18DAE1-1A85-95DC-E378-2D3A4FA4B744}</UniqueIdentifier>
    </Filter>
  </ItemGroup>
  <ItemGroup>
    <ClInclude Include="src\Helix\Application.hpp">
      <Filter>Helix</Filter>
    </ClInclude>
    <ClInclude Include="src\Helix\Config.hpp">
      <Filter>Helix</Filter>
    </ClInclude>
    <ClInclude Include="src\Helix\Core\Include\GLM.hpp">
      <Filter>Helix\Core\Include</Filter>
    </ClInclude>
    <ClInclude Include="src\Helix\Core\Include\STB.hpp">
      <Filter>Helix\Core\Include</Filter>
    </ClInclude>
    <ClInclude Include="src\Helix\Core\Library\Camera\Camera.hpp">
      <Filter>Helix\Core\Library\Camera</Filter>
    </ClInclude>
    <ClInclude Include="src\Helix\Core\Library\Container\CyclicBuffer.hpp">
      <Filter>Helix\Core\Library\Container</Filter>
    </ClInclude>
    <ClInclude Include="src\Helix\Core\Library\Image\Image.hpp">
      <Filter>Helix\Core\Library\Image</Filter>
    </ClInclude>
    <ClInclude Include="src\Helix\Core\Library\Lighting\Light.hpp">
      <Filter>Helix\Core\Library\Lighting</Filter>
    </ClInclude>
    <ClInclude Include="src\Helix\Core\Library\Memory\Memory.hpp">
      <Filter>Helix\Core\Library\Memory</Filter>
    </ClInclude>
    <ClInclude Include="src\Helix\Core\Library\Semantics\NonCopyable.hpp">
      <Filter>Helix\Core\Library\Semantics</Filter>
    </ClInclude>
    <ClInclude Include="src\Helix\Core\Library\Semantics\NonMovable.hpp">
      <Filter>Helix\Core\Library\Semantics</Filter>
    </ClInclude>
    <ClInclude Include="src\Helix\Core\Library\Template\Concepts.hpp">
      <Filter>Helix\Core\Library\Template</Filter>
    </ClInclude>
    <ClInclude Include="src\Helix\Core\Library\Time\Time.hpp">
      <Filter>Helix\Core\Library\Time</Filter>
    </ClInclude>
    <ClInclude Include="src\Helix\Core\Library\Transform\Transform.hpp">
      <Filter>Helix\Core\Library\Transform</Filter>
    </ClInclude>
    <ClInclude Include="src\Helix\Core\Library\Utility\Bitwise.hpp">
      <Filter>Helix\Core\Library\Utility</Filter>
    </ClInclude>
    <ClInclude Include="src\Helix\Core\Library\Utility\Define.hpp">
      <Filter>Helix\Core\Library\Utility</Filter>
    </ClInclude>
    <ClInclude Include="src\Helix\Core\Library\Utility\Utility.hpp">
      <Filter>Helix\Core\Library\Utility</Filter>
    </ClInclude>
    <ClInclude Include="src\Helix\Core\Using.hpp">
      <Filter>Helix\Core</Filter>
    </ClInclude>
    <ClInclude Include="src\Helix\ECS\Components\CameraComponent.hpp">
      <Filter>Helix\ECS\Components</Filter>
    </ClInclude>
    <ClInclude Include="src\Helix\ECS\Components\Component.hpp">
      <Filter>Helix\ECS\Components</Filter>
    </ClInclude>
    <ClInclude Include="src\Helix\ECS\Components\Components.hpp">
      <Filter>Helix\ECS\Components</Filter>
    </ClInclude>
    <ClInclude Include="src\Helix\ECS\Components\LightComponent.hpp">
      <Filter>Helix\ECS\Components</Filter>
    </ClInclude>
    <ClInclude Include="src\Helix\ECS\Components\MeshRendererComponent.hpp">
      <Filter>Helix\ECS\Components</Filter>
    </ClInclude>
    <ClInclude Include="src\Helix\ECS\Components\RelationshipComponent.hpp">
      <Filter>Helix\ECS\Components</Filter>
    </ClInclude>
    <ClInclude Include="src\Helix\ECS\Components\TransformComponent.hpp">
      <Filter>Helix\ECS\Components</Filter>
    </ClInclude>
    <ClInclude Include="src\Helix\ECS\Entity\Entity.hpp">
      <Filter>Helix\ECS\Entity</Filter>
    </ClInclude>
    <ClInclude Include="src\Helix\ECS\Registry.hpp">
      <Filter>Helix\ECS</Filter>
    </ClInclude>
    <ClInclude Include="src\Helix\ECS\System\RenderSystem.hpp">
      <Filter>Helix\ECS\System</Filter>
    </ClInclude>
    <ClInclude Include="src\Helix\ECS\System\System.hpp">
      <Filter>Helix\ECS\System</Filter>
    </ClInclude>
    <ClInclude Include="src\Helix\Experimental\Experimental.hpp">
      <Filter>Helix\Experimental</Filter>
    </ClInclude>
    <ClInclude Include="src\Helix\IO\Filesystem\Directory.hpp">
      <Filter>Helix\IO\Filesystem</Filter>
    </ClInclude>
    <ClInclude Include="src\Helix\IO\Filesystem\Entry.hpp">
      <Filter>Helix\IO\Filesystem</Filter>
    </ClInclude>
    <ClInclude Include="src\Helix\IO\Filesystem\File.hpp">
      <Filter>Helix\IO\Filesystem</Filter>
    </ClInclude>
    <ClInclude Include="src\Helix\IO\Filesystem\Handle.hpp">
      <Filter>Helix\IO\Filesystem</Filter>
    </ClInclude>
    <ClInclude Include="src\Helix\IO\IO.hpp">
      <Filter>Helix\IO</Filter>
    </ClInclude>
    <ClInclude Include="src\Helix\IO\Import\Model\GLTFImporter.hpp">
      <Filter>Helix\IO\Import\Model</Filter>
    </ClInclude>
    <ClInclude Include="src\Helix\IO\Import\Model\ModelImporter.hpp">
      <Filter>Helix\IO\Import\Model</Filter>
    </ClInclude>
    <ClInclude Include="src\Helix\Input\Code\ButtonCode.hpp">
      <Filter>Helix\Input\Code</Filter>
    </ClInclude>
    <ClInclude Include="src\Helix\Input\Code\KeyCode.hpp">
      <Filter>Helix\Input\Code</Filter>
    </ClInclude>
    <ClInclude Include="src\Helix\Input\Code\ModifierCode.hpp">
      <Filter>Helix\Input\Code</Filter>
    </ClInclude>
    <ClInclude Include="src\Helix\Input\Handler\InputHandlerAPI.hpp">
      <Filter>Helix\Input\Handler</Filter>
    </ClInclude>
    <ClInclude Include="src\Helix\Input\Handler\Platform\GLFWInputHandler.hpp">
      <Filter>Helix\Input\Handler\Platform</Filter>
    </ClInclude>
    <ClInclude Include="src\Helix\Input\Input.hpp">
      <Filter>Helix\Input</Filter>
    </ClInclude>
    <ClInclude Include="src\Helix\Rendering\AABB\AABB.hpp">
      <Filter>Helix\Rendering\AABB</Filter>
    </ClInclude>
    <ClInclude Include="src\Helix\Rendering\API\GraphicsAPI.hpp">
      <Filter>Helix\Rendering\API</Filter>
    </ClInclude>
    <ClInclude Include="src\Helix\Rendering\API\Implementation\GBuffer.hpp">
      <Filter>Helix\Rendering\API\Implementation</Filter>
    </ClInclude>
    <ClInclude Include="src\Helix\Rendering\API\Implementation\GFrameBuffer.hpp">
      <Filter>Helix\Rendering\API\Implementation</Filter>
    </ClInclude>
    <ClInclude Include="src\Helix\Rendering\API\Implementation\GPipeline.hpp">
      <Filter>Helix\Rendering\API\Implementation</Filter>
    </ClInclude>
    <ClInclude Include="src\Helix\Rendering\API\Implementation\GRenderBuffer.hpp">
      <Filter>Helix\Rendering\API\Implementation</Filter>
    </ClInclude>
    <ClInclude Include="src\Helix\Rendering\API\Implementation\GRenderState.hpp">
      <Filter>Helix\Rendering\API\Implementation</Filter>
    </ClInclude>
    <ClInclude Include="src\Helix\Rendering\API\Implementation\GRenderer.hpp">
      <Filter>Helix\Rendering\API\Implementation</Filter>
    </ClInclude>
    <ClInclude Include="src\Helix\Rendering\API\Implementation\GShader.hpp">
      <Filter>Helix\Rendering\API\Implementation</Filter>
    </ClInclude>
    <ClInclude Include="src\Helix\Rendering\API\Implementation\GTexture.hpp">
      <Filter>Helix\Rendering\API\Implementation</Filter>
    </ClInclude>
    <ClInclude Include="src\Helix\Rendering\API\Implementation\GVertexArray.hpp">
      <Filter>Helix\Rendering\API\Implementation</Filter>
    </ClInclude>
    <ClInclude Include="src\Helix\Rendering\API\Implementation\GVertexLayout.hpp">
      <Filter>Helix\Rendering\API\Implementation</Filter>
    </ClInclude>
    <ClInclude Include="src\Helix\Rendering\API\OpenGL\Buffer\OpenGLBuffer.hpp">
      <Filter>Helix\Rendering\API\OpenGL\Buffer</Filter>
    </ClInclude>
    <ClInclude Include="src\Helix\Rendering\API\OpenGL\Buffer\OpenGLFrameBuffer.hpp">
      <Filter>Helix\Rendering\API\OpenGL\Buffer</Filter>
    </ClInclude>
    <ClInclude Include="src\Helix\Rendering\API\OpenGL\Buffer\OpenGLVertexArray.hpp">
      <Filter>Helix\Rendering\API\OpenGL\Buffer</Filter>
    </ClInclude>
    <ClInclude Include="src\Helix\Rendering\API\OpenGL\GL.hpp">
      <Filter>Helix\Rendering\API\OpenGL</Filter>
    </ClInclude>
    <ClInclude Include="src\Helix\Rendering\API\OpenGL\GLMappings.hpp">
      <Filter>Helix\Rendering\API\OpenGL</Filter>
    </ClInclude>
    <ClInclude Include="src\Helix\Rendering\API\OpenGL\Internal\InternalView.hpp">
      <Filter>Helix\Rendering\API\OpenGL\Internal</Filter>
    </ClInclude>
    <ClInclude Include="src\Helix\Rendering\API\OpenGL\Layout\OpenGLVertexLayout.hpp">
      <Filter>Helix\Rendering\API\OpenGL\Layout</Filter>
    </ClInclude>
    <ClInclude Include="src\Helix\Rendering\API\OpenGL\OpenGL.hpp">
      <Filter>Helix\Rendering\API\OpenGL</Filter>
    </ClInclude>
    <ClInclude Include="src\Helix\Rendering\API\OpenGL\RenderState\OpenGLRenderState.hpp">
      <Filter>Helix\Rendering\API\OpenGL\RenderState</Filter>
    </ClInclude>
    <ClInclude Include="src\Helix\Rendering\API\OpenGL\Renderer\OpenGLRenderer.hpp">
      <Filter>Helix\Rendering\API\OpenGL\Renderer</Filter>
    </ClInclude>
    <ClInclude Include="src\Helix\Rendering\API\OpenGL\Shader\OpenGLPipeline.hpp">
      <Filter>Helix\Rendering\API\OpenGL\Shader</Filter>
    </ClInclude>
    <ClInclude Include="src\Helix\Rendering\API\OpenGL\Shader\OpenGLShader.hpp">
      <Filter>Helix\Rendering\API\OpenGL\Shader</Filter>
    </ClInclude>
    <ClInclude Include="src\Helix\Rendering\API\OpenGL\Texture\OpenGLRenderBuffer.hpp">
      <Filter>Helix\Rendering\API\OpenGL\Texture</Filter>
    </ClInclude>
    <ClInclude Include="src\Helix\Rendering\API\OpenGL\Texture\OpenGLTexture.hpp">
      <Filter>Helix\Rendering\API\OpenGL\Texture</Filter>
    </ClInclude>
    <ClInclude Include="src\Helix\Rendering\API\OpenGL\Texture\OpenGLTextureTarget.hpp">
      <Filter>Helix\Rendering\API\OpenGL\Texture</Filter>
    </ClInclude>
    <ClInclude Include="src\Helix\Rendering\API\Vulkan\VK.hpp">
      <Filter>Helix\Rendering\API\Vulkan</Filter>
    </ClInclude>
    <ClInclude Include="src\Helix\Rendering\API\Vulkan\VKMappings.hpp">
      <Filter>Helix\Rendering\API\Vulkan</Filter>
    </ClInclude>
    <ClInclude Include="src\Helix\Rendering\API\Vulkan\Vulkan.hpp">
      <Filter>Helix\Rendering\API\Vulkan</Filter>
    </ClInclude>
    <ClInclude Include="src\Helix\Rendering\Blueprint\TextureBlueprint.hpp">
      <Filter>Helix\Rendering\Blueprint</Filter>
    </ClInclude>
    <ClInclude Include="src\Helix\Rendering\Buffer\Buffer.hpp">
      <Filter>Helix\Rendering\Buffer</Filter>
    </ClInclude>
    <ClInclude Include="src\Helix\Rendering\Buffer\FrameBuffer.hpp">
      <Filter>Helix\Rendering\Buffer</Filter>
    </ClInclude>
    <ClInclude Include="src\Helix\Rendering\Buffer\VertexArray.hpp">
      <Filter>Helix\Rendering\Buffer</Filter>
    </ClInclude>
    <ClInclude Include="src\Helix\Rendering\Create.hpp">
      <Filter>Helix\Rendering</Filter>
    </ClInclude>
    <ClInclude Include="src\Helix\Rendering\Geometry\Geometry.hpp">
      <Filter>Helix\Rendering\Geometry</Filter>
    </ClInclude>
    <ClInclude Include="src\Helix\Rendering\Geometry\Primitives\Cube.hpp">
      <Filter>Helix\Rendering\Geometry\Primitives</Filter>
    </ClInclude>
    <ClInclude Include="src\Helix\Rendering\Geometry\Primitives\Plane.hpp">
      <Filter>Helix\Rendering\Geometry\Primitives</Filter>
    </ClInclude>
    <ClInclude Include="src\Helix\Rendering\Internal\InternalView.hpp">
      <Filter>Helix\Rendering\Internal</Filter>
    </ClInclude>
    <ClInclude Include="src\Helix\Rendering\Layout\Layout.hpp">
      <Filter>Helix\Rendering\Layout</Filter>
    </ClInclude>
    <ClInclude Include="src\Helix\Rendering\Material\Material.hpp">
      <Filter>Helix\Rendering\Material</Filter>
    </ClInclude>
    <ClInclude Include="src\Helix\Rendering\Mesh\Mesh.hpp">
      <Filter>Helix\Rendering\Mesh</Filter>
    </ClInclude>
    <ClInclude Include="src\Helix\Rendering\Model\Model.hpp">
      <Filter>Helix\Rendering\Model</Filter>
    </ClInclude>
    <ClInclude Include="src\Helix\Rendering\PostProcessing\AmbientOcclusion.hpp">
      <Filter>Helix\Rendering\PostProcessing</Filter>
    </ClInclude>
    <ClInclude Include="src\Helix\Rendering\PostProcessing\PostProcessing.hpp">
      <Filter>Helix\Rendering\PostProcessing</Filter>
    </ClInclude>
    <ClInclude Include="src\Helix\Rendering\Projection\Projection.hpp">
      <Filter>Helix\Rendering\Projection</Filter>
    </ClInclude>
    <ClInclude Include="src\Helix\Rendering\RenderInfo\RenderInfo.hpp">
      <Filter>Helix\Rendering\RenderInfo</Filter>
    </ClInclude>
    <ClInclude Include="src\Helix\Rendering\RenderState\RenderState.hpp">
      <Filter>Helix\Rendering\RenderState</Filter>
    </ClInclude>
    <ClInclude Include="src\Helix\Rendering\Renderer.hpp">
      <Filter>Helix\Rendering</Filter>
    </ClInclude>
    <ClInclude Include="src\Helix\Rendering\Renderer\Renderer.hpp">
      <Filter>Helix\Rendering\Renderer</Filter>
    </ClInclude>
    <ClInclude Include="src\Helix\Rendering\Rendering.hpp">
      <Filter>Helix\Rendering</Filter>
    </ClInclude>
    <ClInclude Include="src\Helix\Rendering\Shader\Pipeline.hpp">
      <Filter>Helix\Rendering\Shader</Filter>
    </ClInclude>
    <ClInclude Include="src\Helix\Rendering\Shader\Shader.hpp">
      <Filter>Helix\Rendering\Shader</Filter>
    </ClInclude>
    <ClInclude Include="src\Helix\Rendering\Texture\AntiAliasing.hpp">
      <Filter>Helix\Rendering\Texture</Filter>
    </ClInclude>
    <ClInclude Include="src\Helix\Rendering\Texture\Dimensions.hpp">
      <Filter>Helix\Rendering\Texture</Filter>
    </ClInclude>
    <ClInclude Include="src\Helix\Rendering\Texture\Texture.hpp">
      <Filter>Helix\Rendering\Texture</Filter>
    </ClInclude>
    <ClInclude Include="src\Helix\Rendering\Uniform\Uniform.hpp">
      <Filter>Helix\Rendering\Uniform</Filter>
    </ClInclude>
    <ClInclude Include="src\Helix\Rendering\Using.hpp">
      <Filter>Helix\Rendering</Filter>
    </ClInclude>
    <ClInclude Include="src\Helix\Rendering\Utility\Utility.hpp">
      <Filter>Helix\Rendering\Utility</Filter>
    </ClInclude>
    <ClInclude Include="src\Helix\Scene\Actor.hpp">
      <Filter>Helix\Scene</Filter>
    </ClInclude>
    <ClInclude Include="src\Helix\Scene\Scene.hpp">
      <Filter>Helix\Scene</Filter>
    </ClInclude>
    <ClInclude Include="src\Helix\Test\Test.hpp">
      <Filter>Helix\Test</Filter>
    </ClInclude>
    <ClInclude Include="src\Helix\Window\API\GLFW\GLFWWindow.hpp">
      <Filter>Helix\Window\API\GLFW</Filter>
    </ClInclude>
    <ClInclude Include="src\Helix\Window\Window.hpp">
      <Filter>Helix\Window</Filter>
    </ClInclude>
    <ClInclude Include="src\Helix\Window\WindowManager.hpp">
      <Filter>Helix\Window</Filter>
    </ClInclude>
    <ClInclude Include="src\stdafx.hpp" />
  </ItemGroup>
  <ItemGroup>
    <ClCompile Include="src\Helix\Application.cpp">
      <Filter>Helix</Filter>
    </ClCompile>
    <ClCompile Include="src\Helix\Core\Library\Image\Image.cpp">
      <Filter>Helix\Core\Library\Image</Filter>
    </ClCompile>
    <ClCompile Include="src\Helix\Input\Handler\Platform\GLFWInputHandler.cpp">
      <Filter>Helix\Input\Handler\Platform</Filter>
    </ClCompile>
    <ClCompile Include="src\Helix\Input\Input.cpp">
      <Filter>Helix\Input</Filter>
    </ClCompile>
    <ClCompile Include="src\Helix\Scene\Actor.cpp">
      <Filter>Helix\Scene</Filter>
    </ClCompile>
    <ClCompile Include="src\Helix\Scene\Scene.cpp">
      <Filter>Helix\Scene</Filter>
    </ClCompile>
    <ClCompile Include="src\Helix\Window\API\GLFW\GLFWWindow.cpp">
      <Filter>Helix\Window\API\GLFW</Filter>
    </ClCompile>
    <ClCompile Include="src\Helix\Window\WindowManager.cpp">
      <Filter>Helix\Window</Filter>
    </ClCompile>
    <ClCompile Include="src\main.cpp" />
    <ClCompile Include="src\stdafx.cpp" />
    <ClCompile Include="src\Helix\test.cpp" />
  </ItemGroup>
</Project>