<?xml version="1.0" encoding="utf-8"?>
<Project ToolsVersion="4.0" xmlns="http://schemas.microsoft.com/developer/msbuild/2003">
  <ItemGroup>
    <Filter Include="Helix">
      <UniqueIdentifier>{1F204F0D-8B34-77BE-54B6-1A1EC08973EF}</UniqueIdentifier>
    </Filter>
    <Filter Include="Helix\Core">
      <UniqueIdentifier>{D72F8CA7-C3E7-CDF4-2CEF-A65018C668E5}</UniqueIdentifier>
    </Filter>
    <Filter Include="Helix\Core\Library">
      <UniqueIdentifier>{DB6F4957-C753-0AAD-30B4-04001CB7F42E}</UniqueIdentifier>
    </Filter>
    <Filter Include="Helix\Core\Library\Array">
      <UniqueIdentifier>{89CBEDB6-75F0-3C37-9E3B-22C78ABF3B55}</UniqueIdentifier>
    </Filter>
    <Filter Include="Helix\Core\Library\Semantics">
      <UniqueIdentifier>{31B58978-1D70-7924-C627-F26EB2C1C3B4}</UniqueIdentifier>
    </Filter>
    <Filter Include="Helix\Core\Library\Time">
      <UniqueIdentifier>{59EDE23B-C524-2BD3-CE2E-8FF63AE551CC}</UniqueIdentifier>
    </Filter>
    <Filter Include="Helix\ECS">
      <UniqueIdentifier>{E90B2B62-5576-DFD8-9EB4-907E0A5EBD2D}</UniqueIdentifier>
    </Filter>
    <Filter Include="Helix\ECS\Components">
      <UniqueIdentifier>{5E0DFB30-4A9C-84FA-F3BA-98F5DF2895A0}</UniqueIdentifier>
    </Filter>
    <Filter Include="Helix\ECS\Entity">
      <UniqueIdentifier>{1578C88A-0171-E7DC-2AA3-CC6116FBC6E8}</UniqueIdentifier>
    </Filter>
    <Filter Include="Helix\ECS\System">
      <UniqueIdentifier>{DD5E37AC-C957-56FE-F289-3B83DEE1350A}</UniqueIdentifier>
    </Filter>
    <Filter Include="Helix\Experimental">
      <UniqueIdentifier>{7C097AF8-68ED-3A4E-D14D-35A1BD5025D0}</UniqueIdentifier>
    </Filter>
    <Filter Include="Helix\Experimental\Texture">
      <UniqueIdentifier>{DCEA4135-C8FA-ED05-31B4-52241DE3DC9E}</UniqueIdentifier>
    </Filter>
    <Filter Include="Helix\IO">
      <UniqueIdentifier>{66F18C50-52BE-E75B-7BD7-D50367031DEA}</UniqueIdentifier>
    </Filter>
    <Filter Include="Helix\IO\Filesystem">
      <UniqueIdentifier>{DA7B6E7A-46DD-4B88-CF4A-923A3BAB8247}</UniqueIdentifier>
    </Filter>
    <Filter Include="Helix\IO\Import">
      <UniqueIdentifier>{B020DCAA-1CAC-496F-25BD-CC6391C7A56F}</UniqueIdentifier>
    </Filter>
    <Filter Include="Helix\IO\Import\Model">
      <UniqueIdentifier>{F04DD006-5CBA-8B01-25AE-235F91D9AD69}</UniqueIdentifier>
    </Filter>
    <Filter Include="Helix\Input">
      <UniqueIdentifier>{5E2B7E99-CAE0-F68E-53D5-F065BF89ED92}</UniqueIdentifier>
    </Filter>
    <Filter Include="Helix\Input\Code">
      <UniqueIdentifier>{A818CF64-9411-EEB6-BD43-D33BA99BCDC2}</UniqueIdentifier>
    </Filter>
    <Filter Include="Helix\Input\Handler">
      <UniqueIdentifier>{2B70E5D4-97D1-C2E2-203F-09958C9FF9A1}</UniqueIdentifier>
    </Filter>
    <Filter Include="Helix\Input\Handler\Platform">
      <UniqueIdentifier>{DF0C780F-CBC7-67BB-747F-E0056019B24B}</UniqueIdentifier>
    </Filter>
    <Filter Include="Helix\Prefab">
      <UniqueIdentifier>{7ECBD9D9-6A2E-697E-13B4-A134FFF53401}</UniqueIdentifier>
    </Filter>
    <Filter Include="Helix\Prefab\Rendering">
      <UniqueIdentifier>{4B8A682C-3784-917E-20F1-278F0C8AF7EA}</UniqueIdentifier>
    </Filter>
    <Filter Include="Helix\Prefab\Rendering\Geometry">
      <UniqueIdentifier>{067C6BD5-725F-7A15-7B62-A851E7C44066}</UniqueIdentifier>
    </Filter>
    <Filter Include="Helix\Prefab\Rendering\Layout">
      <UniqueIdentifier>{9869CBB5-0482-B2DF-CD2E-427939064779}</UniqueIdentifier>
    </Filter>
    <Filter Include="Helix\Rendering">
      <UniqueIdentifier>{2CDCE440-9867-5205-A178-D5F90D83AE05}</UniqueIdentifier>
    </Filter>
    <Filter Include="Helix\Rendering\API">
      <UniqueIdentifier>{15F729A3-8158-07B1-0AC6-4D6376263E70}</UniqueIdentifier>
    </Filter>
    <Filter Include="Helix\Rendering\API\OpenGL">
      <UniqueIdentifier>{A9363123-9546-DDF3-FEFF-4112EA2ECC8C}</UniqueIdentifier>
    </Filter>
    <Filter Include="Helix\Rendering\API\OpenGL\Buffer">
      <UniqueIdentifier>{7280D220-DEEE-27A0-27D8-E29F93851D3C}</UniqueIdentifier>
    </Filter>
    <Filter Include="Helix\Rendering\API\OpenGL\Context">
      <UniqueIdentifier>{3D4AB67A-2986-B9E4-9298-D1DB7EF361FF}</UniqueIdentifier>
    </Filter>
    <Filter Include="Helix\Rendering\API\OpenGL\Shader">
      <UniqueIdentifier>{2F2E8C47-9B9C-E1C6-E485-9CC65033D762}</UniqueIdentifier>
    </Filter>
    <Filter Include="Helix\Rendering\API\OpenGL\Texture">
      <UniqueIdentifier>{09F5B580-F530-B9EA-5E43-D1E14A9E6105}</UniqueIdentifier>
    </Filter>
    <Filter Include="Helix\Rendering\Blueprint">
      <UniqueIdentifier>{106E84D9-7C30-B863-C5E0-46F031E29041}</UniqueIdentifier>
    </Filter>
    <Filter Include="Helix\Rendering\Buffer">
      <UniqueIdentifier>{95740ACB-816E-331D-6ADB-C92D56749989}</UniqueIdentifier>
    </Filter>
    <Filter Include="Helix\Rendering\Context">
      <UniqueIdentifier>{C0C2EC6B-2CFA-3403-3504-9926A1BA5BFC}</UniqueIdentifier>
    </Filter>
    <Filter Include="Helix\Rendering\Interface">
      <UniqueIdentifier>{0C6B9294-782D-C61E-C1DD-54AB2DDF9EFC}</UniqueIdentifier>
    </Filter>
    <Filter Include="Helix\Rendering\Layout">
      <UniqueIdentifier>{59B4FEE0-45AE-2733-2E1B-BE431AB48D9F}</UniqueIdentifier>
    </Filter>
    <Filter Include="Helix\Rendering\Material">
      <UniqueIdentifier>{4A7C5EFB-36A1-AD7B-5FEC-920B4B70AC99}</UniqueIdentifier>
    </Filter>
    <Filter Include="Helix\Rendering\Mesh">
      <UniqueIdentifier>{68CD6F08-545C-F9D1-FD7A-0DCDE9E80978}</UniqueIdentifier>
    </Filter>
    <Filter Include="Helix\Rendering\Model">
      <UniqueIdentifier>{6CB66E16-D822-2A11-A116-C26E0D424C79}</UniqueIdentifier>
    </Filter>
    <Filter Include="Helix\Rendering\PostProcessing">
      <UniqueIdentifier>{9E99D061-8ABF-9AC8-7305-20945FCABF94}</UniqueIdentifier>
    </Filter>
    <Filter Include="Helix\Rendering\Projection">
      <UniqueIdentifier>{98BC36DA-84CC-E2AA-ED85-47C9D9B4D143}</UniqueIdentifier>
    </Filter>
    <Filter Include="Helix\Rendering\Renderpass">
      <UniqueIdentifier>{F2FCE73E-DE0C-940F-47C6-F82D33F582A8}</UniqueIdentifier>
    </Filter>
    <Filter Include="Helix\Rendering\Shader">
      <UniqueIdentifier>{5222C4F1-3E1C-ED43-2789-8354132253B0}</UniqueIdentifier>
    </Filter>
    <Filter Include="Helix\Rendering\Shader\Uniform">
      <UniqueIdentifier>{C1ED0B44-AD13-D6AA-9659-5B76821EFB76}</UniqueIdentifier>
    </Filter>
    <Filter Include="Helix\Rendering\Texture">
      <UniqueIdentifier>{8C6DEC71-F8A4-3409-01AF-982C6D655B02}</UniqueIdentifier>
    </Filter>
    <Filter Include="Helix\Scene">
      <UniqueIdentifier>{7CE82C9A-E89D-A58F-7192-9F66DD469C93}</UniqueIdentifier>
    </Filter>
    <Filter Include="Helix\Test">
      <UniqueIdentifier>{EE5795A7-DA0F-D7F4-4317-B0502FEE71E5}</UniqueIdentifier>
    </Filter>
    <Filter Include="Helix\Window">
      <UniqueIdentifier>{26F48FE9-1257-1F8E-BBDC-5744A71EEB10}</UniqueIdentifier>
    </Filter>
    <Filter Include="Helix\Window\API">
      <UniqueIdentifier>{0F7C345B-FB74-53AD-24A7-383210FF32B9}</UniqueIdentifier>
    </Filter>
    <Filter Include="Helix\Window\API\GLFW">
      <UniqueIdentifier>{AE18DAE1-1A85-95DC-E378-2D3A4FA4B744}</UniqueIdentifier>
    </Filter>
  </ItemGroup>
  <ItemGroup>
    <ClInclude Include="src\Helix\Application.hpp">
      <Filter>Helix</Filter>
    </ClInclude>
    <ClInclude Include="src\Helix\Config.hpp">
      <Filter>Helix</Filter>
    </ClInclude>
    <ClInclude Include="src\Helix\Core\Library\Data\CyclicBuffer.hpp">
      <Filter>Helix\Core\Library\Array</Filter>
    </ClInclude>
    <ClInclude Include="src\Helix\Core\Library\Semantics\NonCopyable.hpp">
      <Filter>Helix\Core\Library\Semantics</Filter>
    </ClInclude>
    <ClInclude Include="src\Helix\Core\Library\Time\Time.hpp">
      <Filter>Helix\Core\Library\Time</Filter>
    </ClInclude>
    <ClInclude Include="src\Helix\Core\RenderAPI.hpp">
      <Filter>Helix\Core</Filter>
    </ClInclude>
    <ClInclude Include="src\Helix\Core\Typedef.hpp">
      <Filter>Helix\Core</Filter>
    </ClInclude>
    <ClInclude Include="src\Helix\ECS\Components\Component.hpp">
      <Filter>Helix\ECS\Components</Filter>
    </ClInclude>
    <ClInclude Include="src\Helix\ECS\Components\Components.hpp">
      <Filter>Helix\ECS\Components</Filter>
    </ClInclude>
    <ClInclude Include="src\Helix\Core\Library\Lighting\Light.hpp">
      <Filter>Helix\ECS\Components</Filter>
    </ClInclude>
    <ClInclude Include="src\Helix\ECS\Components\MeshRendererComponent.hpp">
      <Filter>Helix\ECS\Components</Filter>
    </ClInclude>
    <ClInclude Include="src\Helix\Core\Library\Transform\Transform.hpp">
      <Filter>Helix\ECS\Components</Filter>
    </ClInclude>
    <ClInclude Include="src\Helix\ECS\Entity\Entity.hpp">
      <Filter>Helix\ECS\Entity</Filter>
    </ClInclude>
    <ClInclude Include="src\Helix\ECS\Registry.hpp">
      <Filter>Helix\ECS</Filter>
    </ClInclude>
    <ClInclude Include="src\Helix\ECS\System\RenderSystem.hpp">
      <Filter>Helix\ECS\System</Filter>
    </ClInclude>
    <ClInclude Include="src\Helix\ECS\System\System.hpp">
      <Filter>Helix\ECS\System</Filter>
    </ClInclude>
    <ClInclude Include="src\Helix\Experimental\Texture\Texture.hpp">
      <Filter>Helix\Experimental\Texture</Filter>
    </ClInclude>
    <ClInclude Include="src\Helix\IO\Filesystem\Directory.hpp">
      <Filter>Helix\IO\Filesystem</Filter>
    </ClInclude>
    <ClInclude Include="src\Helix\IO\Filesystem\Entry.hpp">
      <Filter>Helix\IO\Filesystem</Filter>
    </ClInclude>
    <ClInclude Include="src\Helix\IO\Filesystem\File.hpp">
      <Filter>Helix\IO\Filesystem</Filter>
    </ClInclude>
    <ClInclude Include="src\Helix\IO\Filesystem\Handle.hpp">
      <Filter>Helix\IO\Filesystem</Filter>
    </ClInclude>
    <ClInclude Include="src\Helix\IO\Filesystem\Image.hpp">
      <Filter>Helix\IO\Filesystem</Filter>
    </ClInclude>
    <ClInclude Include="src\Helix\IO\IO.hpp">
      <Filter>Helix\IO</Filter>
    </ClInclude>
    <ClInclude Include="src\Helix\IO\Import\Model\GLTFImporter.hpp">
      <Filter>Helix\IO\Import\Model</Filter>
    </ClInclude>
    <ClInclude Include="src\Helix\Input\Code\ButtonCode.hpp">
      <Filter>Helix\Input\Code</Filter>
    </ClInclude>
    <ClInclude Include="src\Helix\Input\Code\KeyCode.hpp">
      <Filter>Helix\Input\Code</Filter>
    </ClInclude>
    <ClInclude Include="src\Helix\Input\Code\ModifierCode.hpp">
      <Filter>Helix\Input\Code</Filter>
    </ClInclude>
    <ClInclude Include="src\Helix\Input\Handler\InputHandlerAPI.hpp">
      <Filter>Helix\Input\Handler</Filter>
    </ClInclude>
    <ClInclude Include="src\Helix\Input\Handler\Platform\GLFWInputHandler.hpp">
      <Filter>Helix\Input\Handler\Platform</Filter>
    </ClInclude>
    <ClInclude Include="src\Helix\Input\Input.hpp">
      <Filter>Helix\Input</Filter>
    </ClInclude>
    <ClInclude Include="src\Helix\Prefab\Rendering\Geometry\Cube.hpp">
      <Filter>Helix\Prefab\Rendering\Geometry</Filter>
    </ClInclude>
    <ClInclude Include="src\Helix\Prefab\Rendering\Geometry\Geometry.hpp">
      <Filter>Helix\Prefab\Rendering\Geometry</Filter>
    </ClInclude>
    <ClInclude Include="src\Helix\Prefab\Rendering\Geometry\Quad.hpp">
      <Filter>Helix\Prefab\Rendering\Geometry</Filter>
    </ClInclude>
    <ClInclude Include="src\Helix\Prefab\Rendering\Layout\Layout.hpp">
      <Filter>Helix\Prefab\Rendering\Layout</Filter>
    </ClInclude>
    <ClInclude Include="src\Helix\Rendering\API\GraphicsAPI.hpp">
      <Filter>Helix\Rendering\API</Filter>
    </ClInclude>
    <ClInclude Include="src\Helix\Rendering\API\OpenGL\Buffer\OpenGLBuffer.hpp">
      <Filter>Helix\Rendering\API\OpenGL\Buffer</Filter>
    </ClInclude>
    <ClInclude Include="src\Helix\Rendering\API\OpenGL\Buffer\OpenGLFrameBuffer.hpp">
      <Filter>Helix\Rendering\API\OpenGL\Buffer</Filter>
    </ClInclude>
    <ClInclude Include="src\Helix\Rendering\API\OpenGL\Buffer\OpenGLFrameBufferMultisample.hpp">
      <Filter>Helix\Rendering\API\OpenGL\Buffer</Filter>
    </ClInclude>
    <ClInclude Include="src\Helix\Rendering\API\OpenGL\Buffer\OpenGLIndexBuffer.hpp">
      <Filter>Helix\Rendering\API\OpenGL\Buffer</Filter>
    </ClInclude>
    <ClInclude Include="src\Helix\Rendering\API\OpenGL\Buffer\OpenGLRenderBuffer.hpp">
      <Filter>Helix\Rendering\API\OpenGL\Buffer</Filter>
    </ClInclude>
    <ClInclude Include="src\Helix\Rendering\API\OpenGL\Buffer\OpenGLRenderBufferMultisample.hpp">
      <Filter>Helix\Rendering\API\OpenGL\Buffer</Filter>
    </ClInclude>
    <ClInclude Include="src\Helix\Rendering\API\OpenGL\Buffer\OpenGLUniformArrayBuffer.hpp">
      <Filter>Helix\Rendering\API\OpenGL\Buffer</Filter>
    </ClInclude>
    <ClInclude Include="src\Helix\Rendering\API\OpenGL\Buffer\OpenGLUniformBuffer.hpp">
      <Filter>Helix\Rendering\API\OpenGL\Buffer</Filter>
    </ClInclude>
    <ClInclude Include="src\Helix\Rendering\API\OpenGL\Buffer\OpenGLVertexArray.hpp">
      <Filter>Helix\Rendering\API\OpenGL\Buffer</Filter>
    </ClInclude>
    <ClInclude Include="src\Helix\Rendering\API\OpenGL\Buffer\OpenGLVertexBuffer.hpp">
      <Filter>Helix\Rendering\API\OpenGL\Buffer</Filter>
    </ClInclude>
    <ClInclude Include="src\Helix\Rendering\API\OpenGL\Context\OpenGLRenderContext.hpp">
      <Filter>Helix\Rendering\API\OpenGL\Context</Filter>
    </ClInclude>
    <ClInclude Include="src\Helix\Rendering\API\OpenGL\OpenGL.hpp">
      <Filter>Helix\Rendering\API\OpenGL</Filter>
    </ClInclude>
    <ClInclude Include="src\Helix\Rendering\API\OpenGL\OpenGLRenderer.hpp">
      <Filter>Helix\Rendering\API\OpenGL</Filter>
    </ClInclude>
    <ClInclude Include="src\Helix\Rendering\API\OpenGL\Shader\OpenGLPipeline.hpp">
      <Filter>Helix\Rendering\API\OpenGL\Shader</Filter>
    </ClInclude>
    <ClInclude Include="src\Helix\Rendering\API\OpenGL\Shader\OpenGLShader.hpp">
      <Filter>Helix\Rendering\API\OpenGL\Shader</Filter>
    </ClInclude>
    <ClInclude Include="src\Helix\Rendering\API\OpenGL\Texture\OpenGLCubemapTexture.hpp">
      <Filter>Helix\Rendering\API\OpenGL\Texture</Filter>
    </ClInclude>
    <ClInclude Include="src\Helix\Rendering\API\OpenGL\Texture\OpenGLTexture2D.hpp">
      <Filter>Helix\Rendering\API\OpenGL\Texture</Filter>
    </ClInclude>
    <ClInclude Include="src\Helix\Rendering\API\OpenGL\Texture\OpenGLTexture2DMultisample.hpp">
      <Filter>Helix\Rendering\API\OpenGL\Texture</Filter>
    </ClInclude>
    <ClInclude Include="src\Helix\Rendering\API\RenderContextAPI.hpp">
      <Filter>Helix\Rendering\API</Filter>
    </ClInclude>
    <ClInclude Include="src\Helix\Rendering\API\RendererAPI.hpp">
      <Filter>Helix\Rendering\API</Filter>
    </ClInclude>
    <ClInclude Include="src\Helix\Rendering\Blueprint\FrameBufferBlueprint.hpp">
      <Filter>Helix\Rendering\Blueprint</Filter>
    </ClInclude>
    <ClInclude Include="src\Helix\Rendering\Blueprint\RenderBufferBlueprint.hpp">
      <Filter>Helix\Rendering\Blueprint</Filter>
    </ClInclude>
    <ClInclude Include="src\Helix\Rendering\Blueprint\TextureBlueprint.hpp">
      <Filter>Helix\Rendering\Blueprint</Filter>
    </ClInclude>
    <ClInclude Include="src\Helix\Rendering\Buffer\Buffer.hpp">
      <Filter>Helix\Rendering\Buffer</Filter>
    </ClInclude>
    <ClInclude Include="src\Helix\Rendering\Buffer\BufferComponent.hpp">
      <Filter>Helix\Rendering\Buffer</Filter>
    </ClInclude>
    <ClInclude Include="src\Helix\Rendering\Buffer\FrameBuffer.hpp">
      <Filter>Helix\Rendering\Buffer</Filter>
    </ClInclude>
    <ClInclude Include="src\Helix\Rendering\Buffer\FrameBufferMultisample.hpp">
      <Filter>Helix\Rendering\Buffer</Filter>
    </ClInclude>
    <ClInclude Include="src\Helix\Rendering\Buffer\IndexBuffer.hpp">
      <Filter>Helix\Rendering\Buffer</Filter>
    </ClInclude>
    <ClInclude Include="src\Helix\Rendering\Buffer\RenderBuffer.hpp">
      <Filter>Helix\Rendering\Buffer</Filter>
    </ClInclude>
    <ClInclude Include="src\Helix\Rendering\Buffer\RenderBufferMultisample.hpp">
      <Filter>Helix\Rendering\Buffer</Filter>
    </ClInclude>
    <ClInclude Include="src\Helix\Rendering\Buffer\UniformArrayBuffer.hpp">
      <Filter>Helix\Rendering\Buffer</Filter>
    </ClInclude>
    <ClInclude Include="src\Helix\Rendering\Buffer\UniformBuffer.hpp">
      <Filter>Helix\Rendering\Buffer</Filter>
    </ClInclude>
    <ClInclude Include="src\Helix\Rendering\Buffer\VertexArray.hpp">
      <Filter>Helix\Rendering\Buffer</Filter>
    </ClInclude>
    <ClInclude Include="src\Helix\Rendering\Buffer\VertexBuffer.hpp">
      <Filter>Helix\Rendering\Buffer</Filter>
    </ClInclude>
    <ClInclude Include="src\Helix\Rendering\Context\RenderContext.hpp">
      <Filter>Helix\Rendering\Context</Filter>
    </ClInclude>
    <ClInclude Include="src\Helix\Rendering\Interface\IBindable.hpp">
      <Filter>Helix\Rendering\Interface</Filter>
    </ClInclude>
    <ClInclude Include="src\Helix\Rendering\Layout\VertexAttribute.hpp">
      <Filter>Helix\Rendering\Layout</Filter>
    </ClInclude>
    <ClInclude Include="src\Helix\Rendering\Layout\VertexLayout.hpp">
      <Filter>Helix\Rendering\Layout</Filter>
    </ClInclude>
    <ClInclude Include="src\Helix\Rendering\Material\Material.hpp">
      <Filter>Helix\Rendering\Material</Filter>
    </ClInclude>
    <ClInclude Include="src\Helix\Rendering\Mesh\Mesh.hpp">
      <Filter>Helix\Rendering\Mesh</Filter>
    </ClInclude>
    <ClInclude Include="src\Helix\Rendering\Model\Model.hpp">
      <Filter>Helix\Rendering\Model</Filter>
    </ClInclude>
    <ClInclude Include="src\Helix\Rendering\PostProcessing\AmbientOcclusion.hpp">
      <Filter>Helix\Rendering\PostProcessing</Filter>
    </ClInclude>
    <ClInclude Include="src\Helix\Rendering\PostProcessing\PostProcessing.hpp">
      <Filter>Helix\Rendering\PostProcessing</Filter>
    </ClInclude>
    <ClInclude Include="src\Helix\Rendering\Projection\Projection.hpp">
      <Filter>Helix\Rendering\Projection</Filter>
    </ClInclude>
    <ClInclude Include="src\Helix\Rendering\Renderer.hpp">
      <Filter>Helix\Rendering</Filter>
    </ClInclude>
    <ClInclude Include="src\Helix\Rendering\Rendering.hpp">
      <Filter>Helix\Rendering</Filter>
    </ClInclude>
    <ClInclude Include="src\Helix\Rendering\Renderpass\Renderpass.hpp">
      <Filter>Helix\Rendering\Renderpass</Filter>
    </ClInclude>
    <ClInclude Include="src\Helix\Rendering\Shader\Pipeline.hpp">
      <Filter>Helix\Rendering\Shader</Filter>
    </ClInclude>
    <ClInclude Include="src\Helix\Rendering\Shader\Shader.hpp">
      <Filter>Helix\Rendering\Shader</Filter>
    </ClInclude>
    <ClInclude Include="src\Helix\Rendering\Shader\Uniform\Uniform.hpp">
      <Filter>Helix\Rendering\Shader\Uniform</Filter>
    </ClInclude>
    <ClInclude Include="src\Helix\Rendering\Texture\CubemapTexture.hpp">
      <Filter>Helix\Rendering\Texture</Filter>
    </ClInclude>
    <ClInclude Include="src\Helix\Rendering\Texture\Texture.hpp">
      <Filter>Helix\Rendering\Texture</Filter>
    </ClInclude>
    <ClInclude Include="src\Helix\Rendering\Texture\Texture2D.hpp">
      <Filter>Helix\Rendering\Texture</Filter>
    </ClInclude>
    <ClInclude Include="src\Helix\Rendering\Texture\Texture2DMultisample.hpp">
      <Filter>Helix\Rendering\Texture</Filter>
    </ClInclude>
    <ClInclude Include="src\Helix\Scene\Scene.hpp">
      <Filter>Helix\Scene</Filter>
    </ClInclude>
    <ClInclude Include="src\Helix\Test\Test.hpp">
      <Filter>Helix\Test</Filter>
    </ClInclude>
    <ClInclude Include="src\Helix\Window\API\GLFW\GLFWWindow.hpp">
      <Filter>Helix\Window\API\GLFW</Filter>
    </ClInclude>
    <ClInclude Include="src\Helix\Window\Window.hpp">
      <Filter>Helix\Window</Filter>
    </ClInclude>
    <ClInclude Include="src\Helix\Window\WindowManager.hpp">
      <Filter>Helix\Window</Filter>
    </ClInclude>
    <ClInclude Include="src\stdafx.hpp" />
    <ClInclude Include="src\Helix\IO\Import\Model\ModelImporter.hpp" />
    <ClInclude Include="src\Helix\Core\Library\Camera\Camera.hpp" />
    <ClInclude Include="src\Helix\Scene\Actor.hpp" />
    <ClInclude Include="src\Helix\ECS\Components\TransformComponent.hpp" />
    <ClInclude Include="src\Helix\ECS\Components\LightComponent.hpp" />
    <ClInclude Include="src\Helix\ECS\Components\CameraComponent.hpp" />
    <ClInclude Include="src\Helix\ECS\Components\RelationshipComponent.hpp" />
    <ClInclude Include="src\Helix\Rendering\AABB\AABB.hpp" />
    <ClInclude Include="src\Helix\Rendering\RenderState.hpp" />
    <ClInclude Include="src\Helix\Rendering\API\RenderStateAPI.hpp" />
    <ClInclude Include="src\Helix\Rendering\API\OpenGL\OpenGLRenderState.hpp" />
    <ClInclude Include="src\Helix\Core\Library\Utility\Utility.hpp" />
    <ClInclude Include="src\Helix\Rendering\RenderSettings.hpp" />
    <ClInclude Include="src\Helix\Rendering\Geometry\Primitives\Plane.hpp" />
    <ClInclude Include="src\Helix\Rendering\Geometry\Geometry.hpp" />
  </ItemGroup>
  <ItemGroup>
    <ClCompile Include="src\Helix\Application.cpp">
      <Filter>Helix</Filter>
    </ClCompile>
    <ClCompile Include="src\Helix\Input\Handler\Platform\GLFWInputHandler.cpp">
      <Filter>Helix\Input\Handler\Platform</Filter>
    </ClCompile>
    <ClCompile Include="src\Helix\Input\Input.cpp">
      <Filter>Helix\Input</Filter>
    </ClCompile>
    <ClCompile Include="src\Helix\Rendering\API\OpenGL\Buffer\OpenGLFrameBuffer.cpp">
      <Filter>Helix\Rendering\API\OpenGL\Buffer</Filter>
    </ClCompile>
    <ClCompile Include="src\Helix\Rendering\API\OpenGL\Buffer\OpenGLFrameBufferMultisample.cpp">
      <Filter>Helix\Rendering\API\OpenGL\Buffer</Filter>
    </ClCompile>
    <ClCompile Include="src\Helix\Rendering\API\OpenGL\Buffer\OpenGLRenderBuffer.cpp">
      <Filter>Helix\Rendering\API\OpenGL\Buffer</Filter>
    </ClCompile>
    <ClCompile Include="src\Helix\Rendering\API\OpenGL\Buffer\OpenGLRenderBufferMultisample.cpp">
      <Filter>Helix\Rendering\API\OpenGL\Buffer</Filter>
    </ClCompile>
    <ClCompile Include="src\Helix\Rendering\API\OpenGL\Context\OpenGLRenderContext.cpp">
      <Filter>Helix\Rendering\API\OpenGL\Context</Filter>
    </ClCompile>
    <ClCompile Include="src\Helix\Rendering\API\OpenGL\OpenGLRenderer.cpp">
      <Filter>Helix\Rendering\API\OpenGL</Filter>
    </ClCompile>
    <ClCompile Include="src\Helix\Rendering\API\OpenGL\Shader\OpenGLPipeline.cpp">
      <Filter>Helix\Rendering\API\OpenGL\Shader</Filter>
    </ClCompile>
    <ClCompile Include="src\Helix\Rendering\API\OpenGL\Shader\OpenGLShader.cpp">
      <Filter>Helix\Rendering\API\OpenGL\Shader</Filter>
    </ClCompile>
    <ClCompile Include="src\Helix\Rendering\API\OpenGL\Texture\OpenGLCubemapTexture.cpp">
      <Filter>Helix\Rendering\API\OpenGL\Texture</Filter>
    </ClCompile>
    <ClCompile Include="src\Helix\Rendering\API\OpenGL\Texture\OpenGLTexture2D.cpp">
      <Filter>Helix\Rendering\API\OpenGL\Texture</Filter>
    </ClCompile>
    <ClCompile Include="src\Helix\Rendering\API\OpenGL\Texture\OpenGLTexture2DMultisample.cpp">
      <Filter>Helix\Rendering\API\OpenGL\Texture</Filter>
    </ClCompile>
    <ClCompile Include="src\Helix\Rendering\Blueprint\RenderBufferBlueprint.cpp">
      <Filter>Helix\Rendering\Blueprint</Filter>
    </ClCompile>
    <ClCompile Include="src\Helix\Rendering\Blueprint\TextureBlueprint.cpp">
      <Filter>Helix\Rendering\Blueprint</Filter>
    </ClCompile>
    <ClCompile Include="src\Helix\Rendering\Context\RenderContext.cpp">
      <Filter>Helix\Rendering\Context</Filter>
    </ClCompile>
    <ClCompile Include="src\Helix\Rendering\Mesh\Mesh.cpp">
      <Filter>Helix\Rendering\Mesh</Filter>
    </ClCompile>
    <ClCompile Include="src\Helix\Scene\Scene.cpp">
      <Filter>Helix\Scene</Filter>
    </ClCompile>
    <ClCompile Include="src\Helix\Window\API\GLFW\GLFWWindow.cpp">
      <Filter>Helix\Window\API\GLFW</Filter>
    </ClCompile>
    <ClCompile Include="src\Helix\Window\WindowManager.cpp">
      <Filter>Helix\Window</Filter>
    </ClCompile>
    <ClCompile Include="src\main.cpp" />
    <ClCompile Include="src\stdafx.cpp" />
    <ClCompile Include="src\Helix\Scene\Actor.cpp" />
  </ItemGroup>
</Project>